
Microsoft Visual Studio Solution File, Format Version 12.00
# Visual Studio Version 17
VisualStudioVersion = 17.0.31903.59
MinimumVisualStudioVersion = 10.0.40219.1
Project("{2150E333-8FDC-42A3-9474-1A3956D46DE8}") = "src", "src", "{827E0CD3-B72D-47B6-A68D-7590B98EB39B}"
EndProject
Project("{2150E333-8FDC-42A3-9474-1A3956D46DE8}") = "BuildingBlocks", "BuildingBlocks", "{90298CBA-BD6F-3A0A-69D5-97CAD7B05E7E}"
EndProject
Project("{FAE04EC0-301F-11D3-BF4B-00C04F79EFBC}") = "Wms.BuildingBlocks.Application", "src\BuildingBlocks\Wms.BuildingBlocks.Application\Wms.BuildingBlocks.Application.csproj", "{4E149CFC-6690-4DC2-9A15-92D90CDC0D55}"
EndProject
Project("{FAE04EC0-301F-11D3-BF4B-00C04F79EFBC}") = "Wms.BuildingBlocks.Domain", "src\BuildingBlocks\Wms.BuildingBlocks.Domain\Wms.BuildingBlocks.Domain.csproj", "{C8B7636D-EDE3-434A-8EE7-65DFDD7468E2}"
EndProject
Project("{FAE04EC0-301F-11D3-BF4B-00C04F79EFBC}") = "Wms.BuildingBlocks.Infrastructure", "src\BuildingBlocks\Wms.BuildingBlocks.Infrastructure\Wms.BuildingBlocks.Infrastructure.csproj", "{81CD5291-72D8-4348-BDE9-8396A2295152}"
EndProject
Project("{FAE04EC0-301F-11D3-BF4B-00C04F79EFBC}") = "Wms.BuildingBlocks.Web", "src\BuildingBlocks\Wms.BuildingBlocks.Web\Wms.BuildingBlocks.Web.csproj", "{A53B7EBD-2746-401D-840C-89670EABF159}"
EndProject
Project("{2150E333-8FDC-42A3-9474-1A3956D46DE8}") = "Hosts", "Hosts", "{C79C3622-AC92-5B3C-4F71-0BD0E7B3816F}"
EndProject
Project("{2150E333-8FDC-42A3-9474-1A3956D46DE8}") = "Local", "Local", "{E5451CAD-5FFA-0CA8-CC97-90F4B8A767BC}"
EndProject
Project("{FAE04EC0-301F-11D3-BF4B-00C04F79EFBC}") = "Wms.Inbound.Host.Local", "src\Hosts\Local\Wms.Inbound.Host.Local\Wms.Inbound.Host.Local.csproj", "{DBF6B414-6704-4088-AA5F-9E4E1520621B}"
EndProject
Project("{2150E333-8FDC-42A3-9474-1A3956D46DE8}") = "Modules", "Modules", "{EC447DCF-ABFA-6E24-52A5-D7FD48A5C558}"
EndProject
Project("{2150E333-8FDC-42A3-9474-1A3956D46DE8}") = "Inbound", "Inbound", "{02D216FA-6726-7BFF-78B2-9748449FB8B0}"
EndProject
Project("{FAE04EC0-301F-11D3-BF4B-00C04F79EFBC}") = "Wms.Inbound.Api", "src\Modules\Inbound\Wms.Inbound.Api\Wms.Inbound.Api.csproj", "{4CAEC8D7-086A-4291-9CB2-2BD29FF76CE9}"
EndProject
Project("{FAE04EC0-301F-11D3-BF4B-00C04F79EFBC}") = "Wms.Inbound.Application", "src\Modules\Inbound\Wms.Inbound.Application\Wms.Inbound.Application.csproj", "{A331CDA6-4FA5-414A-8E3E-9812C01ED21E}"
EndProject
Project("{FAE04EC0-301F-11D3-BF4B-00C04F79EFBC}") = "Wms.Inbound.Contracts", "src\Modules\Inbound\Wms.Inbound.Contracts\Wms.Inbound.Contracts.csproj", "{F81FFA5D-0D26-481F-BC4A-6C81E7DA8002}"
EndProject
Project("{FAE04EC0-301F-11D3-BF4B-00C04F79EFBC}") = "Wms.Inbound.Domain", "src\Modules\Inbound\Wms.Inbound.Domain\Wms.Inbound.Domain.csproj", "{15A5BCBD-184A-42BE-BFCB-24F60D93AF13}"
EndProject
Project("{FAE04EC0-301F-11D3-BF4B-00C04F79EFBC}") = "Wms.Inbound.Infrastructure", "src\Modules\Inbound\Wms.Inbound.Infrastructure\Wms.Inbound.Infrastructure.csproj", "{6B6B0264-ED97-4A03-87CA-58BF4FD7A2A6}"
EndProject
Project("{2150E333-8FDC-42A3-9474-1A3956D46DE8}") = "Platform", "Platform", "{4DF80442-A1E5-CC28-AE7B-27B5F9BFE52B}"
EndProject
Project("{FAE04EC0-301F-11D3-BF4B-00C04F79EFBC}") = "Wms.Platform.Hosting", "src\Platform\Wms.Platform.Hosting\Wms.Platform.Hosting.csproj", "{1C829FC3-227E-4E12-B44F-CCDBF27A39C1}"
EndProject
Project("{FAE04EC0-301F-11D3-BF4B-00C04F79EFBC}") = "Wms.Platform.Local", "src\Platform\Wms.Platform.Local\Wms.Platform.Local.csproj", "{C6D787E8-35BE-4CEC-BBA5-E80EE2C61B99}"
EndProject
Project("{2150E333-8FDC-42A3-9474-1A3956D46DE8}") = "tests", "tests", "{0AB3BF05-4346-4AA6-1389-037BE0695223}"
EndProject
Project("{FAE04EC0-301F-11D3-BF4B-00C04F79EFBC}") = "Wms.Architecture.Tests", "tests\Wms.Architecture.Tests\Wms.Architecture.Tests.csproj", "{90E25B53-CBA7-441A-8480-34CF8CC503D9}"
EndProject
Project("{2150E333-8FDC-42A3-9474-1A3956D46DE8}") = "AppHost", "AppHost", "{63882A7C-90E5-DEE3-63BB-E6ABDBC8A365}"
EndProject
Project("{FAE04EC0-301F-11D3-BF4B-00C04F79EFBC}") = "Wms.AppHost", "src\AppHost\Wms.AppHost\Wms.AppHost.csproj", "{62BFCEB5-99C4-4930-8201-6A1BD8A968FF}"
EndProject
Project("{2150E333-8FDC-42A3-9474-1A3956D46DE8}") = "Tools", "Tools", "{DCB6FCB8-FF92-AC57-0842-1F72A354D6B1}"
EndProject
Project("{FAE04EC0-301F-11D3-BF4B-00C04F79EFBC}") = "Wms.MigrationRunner", "src\Tools\Wms.MigrationRunner\Wms.MigrationRunner.csproj", "{E509400B-D7A0-49B3-9A62-1A82507F33CC}"
EndProject
Project("{FAE04EC0-301F-11D3-BF4B-00C04F79EFBC}") = "Wms.Inbound.IntegrationTests", "tests\Wms.Inbound.IntegrationTests\Wms.Inbound.IntegrationTests.csproj", "{136FCCF2-3B88-4E2A-B268-7D951ADD52DF}"
EndProject
Project("{FAE04EC0-301F-11D3-BF4B-00C04F79EFBC}") = "Wms.Inbound.Domain.UnitTests", "tests\Wms.Inbound.Domain.UnitTests\Wms.Inbound.Domain.UnitTests.csproj", "{FDBE082A-05EF-4166-A106-CD66E6E49C94}"
EndProject
Project("{2150E333-8FDC-42A3-9474-1A3956D46DE8}") = "Inventory", "Inventory", "{18C073E0-6CB1-4693-3636-BFEE619A6192}"
EndProject
Project("{FAE04EC0-301F-11D3-BF4B-00C04F79EFBC}") = "Wms.Inventory.Domain", "src\Modules\Inventory\Wms.Inventory.Domain\Wms.Inventory.Domain.csproj", "{5BDCF7AA-3CFE-4EA5-80AC-41E8958642B3}"
EndProject
Project("{FAE04EC0-301F-11D3-BF4B-00C04F79EFBC}") = "Wms.Inventory.Domain.UnitTests", "tests\Wms.Inventory.Domain.UnitTests\Wms.Inventory.Domain.UnitTests.csproj", "{72607F20-26C8-4FB4-AE36-39B3F58FFA18}"
EndProject
Project("{FAE04EC0-301F-11D3-BF4B-00C04F79EFBC}") = "Wms.Inventory.Application", "src\Modules\Inventory\Wms.Inventory.Application\Wms.Inventory.Application.csproj", "{E57BFAA8-E376-47BD-BBF4-82D88006E906}"
EndProject
Project("{FAE04EC0-301F-11D3-BF4B-00C04F79EFBC}") = "Wms.Inventory.Infrastructure", "src\Modules\Inventory\Wms.Inventory.Infrastructure\Wms.Inventory.Infrastructure.csproj", "{E2AD8C56-63D8-46E0-9028-AAB0B9B562BA}"
EndProject
Project("{FAE04EC0-301F-11D3-BF4B-00C04F79EFBC}") = "Wms.Inventory.Host.Local", "src\Hosts\Local\Wms.Inventory.Host.Local\Wms.Inventory.Host.Local.csproj", "{D903416A-B517-4AD3-9E07-20775BB6FD99}"
EndProject
Project("{FAE04EC0-301F-11D3-BF4B-00C04F79EFBC}") = "Wms.TestSupport", "tests\Wms.TestSupport\Wms.TestSupport.csproj", "{80FB9E98-2D2D-4533-BC4D-F09D1B1616AA}"
EndProject
Project("{FAE04EC0-301F-11D3-BF4B-00C04F79EFBC}") = "Wms.Inventory.IntegrationTests", "tests\Wms.Inventory.IntegrationTests\Wms.Inventory.IntegrationTests.csproj", "{6B0786B2-F862-4C38-8F83-7134889F4426}"
EndProject
Project("{FAE04EC0-301F-11D3-BF4B-00C04F79EFBC}") = "Wms.BuildingBlocks.UnitTests", "tests\Wms.BuildingBlocks.UnitTests\Wms.BuildingBlocks.UnitTests.csproj", "{E3FB46C6-5C1E-4778-B2EF-9BD25FC8126F}"
EndProject
Project("{2150E333-8FDC-42A3-9474-1A3956D46DE8}") = "Outbound", "Outbound", "{A7AEB7AB-BB7A-943E-14BF-27E7782511F4}"
EndProject
Project("{FAE04EC0-301F-11D3-BF4B-00C04F79EFBC}") = "Wms.Outbound.Contracts", "src\Modules\Outbound\Wms.Outbound.Contracts\Wms.Outbound.Contracts.csproj", "{9F231F27-C448-4067-BAE8-605FC14EA05C}"
EndProject
Project("{FAE04EC0-301F-11D3-BF4B-00C04F79EFBC}") = "Wms.Inventory.Contracts", "src\Modules\Inventory\Wms.Inventory.Contracts\Wms.Inventory.Contracts.csproj", "{097F410B-1D7F-4EEA-81D8-11A09AE3F9AE}"
EndProject
Project("{FAE04EC0-301F-11D3-BF4B-00C04F79EFBC}") = "Wms.Inventory.Api", "src\Modules\Inventory\Wms.Inventory.Api\Wms.Inventory.Api.csproj", "{5F5CEB0F-4100-4DDF-8422-5D0132DA3F87}"
EndProject
Project("{FAE04EC0-301F-11D3-BF4B-00C04F79EFBC}") = "Wms.Outbound.Domain", "src\Modules\Outbound\Wms.Outbound.Domain\Wms.Outbound.Domain.csproj", "{2A6EFD4C-7749-4EE1-92C9-01564D218BAA}"
EndProject
Project("{FAE04EC0-301F-11D3-BF4B-00C04F79EFBC}") = "Wms.Outbound.Application", "src\Modules\Outbound\Wms.Outbound.Application\Wms.Outbound.Application.csproj", "{BD0228B1-B14F-481B-872B-F45D1C3C92D8}"
EndProject
Project("{FAE04EC0-301F-11D3-BF4B-00C04F79EFBC}") = "Wms.Outbound.Infrastructure", "src\Modules\Outbound\Wms.Outbound.Infrastructure\Wms.Outbound.Infrastructure.csproj", "{940A5506-B7A1-4B7A-A9DA-10570FEB02F5}"
EndProject
Project("{FAE04EC0-301F-11D3-BF4B-00C04F79EFBC}") = "Wms.Outbound.Api", "src\Modules\Outbound\Wms.Outbound.Api\Wms.Outbound.Api.csproj", "{D8B654F3-C4E2-41A1-8109-A68F9496B03A}"
EndProject
Project("{FAE04EC0-301F-11D3-BF4B-00C04F79EFBC}") = "Wms.Outbound.Host.Local", "src\Hosts\Local\Wms.Outbound.Host.Local\Wms.Outbound.Host.Local.csproj", "{7713B5E9-3183-43C4-A116-33475B6A8E41}"
EndProject
Project("{FAE04EC0-301F-11D3-BF4B-00C04F79EFBC}") = "Wms.Outbound.Domain.UnitTests", "tests\Wms.Outbound.Domain.UnitTests\Wms.Outbound.Domain.UnitTests.csproj", "{42D5E045-9362-4DB2-8E4B-06DA0AAFF710}"
EndProject
Project("{FAE04EC0-301F-11D3-BF4B-00C04F79EFBC}") = "Wms.Outbound.IntegrationTests", "tests\Wms.Outbound.IntegrationTests\Wms.Outbound.IntegrationTests.csproj", "{16433AD2-B311-4551-BA1E-E71260DA3E40}"
EndProject
Project("{2150E333-8FDC-42A3-9474-1A3956D46DE8}") = "MasterData", "MasterData", "{6FDB54B8-73D0-7269-6E77-B8ECD406ADFA}"
EndProject
Project("{FAE04EC0-301F-11D3-BF4B-00C04F79EFBC}") = "Wms.MasterData.Domain", "src\Modules\MasterData\Wms.MasterData.Domain\Wms.MasterData.Domain.csproj", "{A3A780D6-D9CC-4F89-A5BC-393C475DEAA7}"
EndProject
Project("{FAE04EC0-301F-11D3-BF4B-00C04F79EFBC}") = "Wms.MasterData.Application", "src\Modules\MasterData\Wms.MasterData.Application\Wms.MasterData.Application.csproj", "{D84E16EA-58D0-4BFE-AB0A-14C968CA9F56}"
EndProject
Project("{FAE04EC0-301F-11D3-BF4B-00C04F79EFBC}") = "Wms.MasterData.Infrastructure", "src\Modules\MasterData\Wms.MasterData.Infrastructure\Wms.MasterData.Infrastructure.csproj", "{F4FF18B9-A824-489D-813D-9B8F01C1B850}"
EndProject
Project("{FAE04EC0-301F-11D3-BF4B-00C04F79EFBC}") = "Wms.MasterData.Contracts", "src\Modules\MasterData\Wms.MasterData.Contracts\Wms.MasterData.Contracts.csproj", "{717FDABE-C832-4FE7-9B85-C1604C65B7AF}"
EndProject
Project("{FAE04EC0-301F-11D3-BF4B-00C04F79EFBC}") = "Wms.MasterData.Grpc", "src\Modules\MasterData\Wms.MasterData.Grpc\Wms.MasterData.Grpc.csproj", "{F9BFD738-4174-46A9-9EC1-C6750A89EA34}"
EndProject
Project("{FAE04EC0-301F-11D3-BF4B-00C04F79EFBC}") = "Wms.MasterData.Api", "src\Modules\MasterData\Wms.MasterData.Api\Wms.MasterData.Api.csproj", "{CE123908-413D-42FF-A1F1-C9BAEF345D2C}"
EndProject
Project("{FAE04EC0-301F-11D3-BF4B-00C04F79EFBC}") = "Wms.MasterData.Host.Local", "src\Hosts\Local\Wms.MasterData.Host.Local\Wms.MasterData.Host.Local.csproj", "{C5F43B8F-0382-4334-94FA-889EFA704BE3}"
EndProject
Project("{FAE04EC0-301F-11D3-BF4B-00C04F79EFBC}") = "Wms.MasterData.Domain.UnitTests", "tests\Wms.MasterData.Domain.UnitTests\Wms.MasterData.Domain.UnitTests.csproj", "{18DC9CE1-876B-4039-B1E0-387CFEE7D5F8}"
EndProject
Project("{FAE04EC0-301F-11D3-BF4B-00C04F79EFBC}") = "Wms.MasterData.IntegrationTests", "tests\Wms.MasterData.IntegrationTests\Wms.MasterData.IntegrationTests.csproj", "{F7C5194F-C435-4BAF-A56B-D00AA8CC7670}"
EndProject
Project("{FAE04EC0-301F-11D3-BF4B-00C04F79EFBC}") = "Wms.Auth.Domain", "src\Modules\Auth\Wms.Auth.Domain\Wms.Auth.Domain.csproj", "{D01AE6CE-8426-435F-9595-B7954AE62200}"
EndProject
Project("{FAE04EC0-301F-11D3-BF4B-00C04F79EFBC}") = "Wms.Auth.Application", "src\Modules\Auth\Wms.Auth.Application\Wms.Auth.Application.csproj", "{2587F466-C08F-4704-8ED6-7AE1E49AA771}"
EndProject
Project("{FAE04EC0-301F-11D3-BF4B-00C04F79EFBC}") = "Wms.Auth.Infrastructure", "src\Modules\Auth\Wms.Auth.Infrastructure\Wms.Auth.Infrastructure.csproj", "{1ACEF63C-4508-4946-9ECF-DB1B86E55CB1}"
EndProject
Project("{FAE04EC0-301F-11D3-BF4B-00C04F79EFBC}") = "Wms.Auth.Api", "src\Modules\Auth\Wms.Auth.Api\Wms.Auth.Api.csproj", "{B6746FBB-1D11-4AF1-8FC2-F7E39A2B53DA}"
EndProject
Project("{FAE04EC0-301F-11D3-BF4B-00C04F79EFBC}") = "Wms.Auth.Grpc", "src\Modules\Auth\Wms.Auth.Grpc\Wms.Auth.Grpc.csproj", "{00EB4343-D4CC-44F5-B460-83E88A1E3121}"
EndProject
Project("{FAE04EC0-301F-11D3-BF4B-00C04F79EFBC}") = "Wms.Auth.Contracts", "src\Modules\Auth\Wms.Auth.Contracts\Wms.Auth.Contracts.csproj", "{25524F51-3FCD-48A8-96CE-DCC3A0A668C7}"
EndProject
Project("{FAE04EC0-301F-11D3-BF4B-00C04F79EFBC}") = "Wms.Auth.Host.Local", "src\Hosts\Local\Wms.Auth.Host.Local\Wms.Auth.Host.Local.csproj", "{EB7D0F0D-DEE5-4E6B-BB68-E1EECF43D3E6}"
EndProject
Project("{FAE04EC0-301F-11D3-BF4B-00C04F79EFBC}") = "Wms.Auth.Domain.UnitTests", "tests\Wms.Auth.Domain.UnitTests\Wms.Auth.Domain.UnitTests.csproj", "{793C7619-A26E-40C6-BBA2-84281EF9534A}"
EndProject
Project("{FAE04EC0-301F-11D3-BF4B-00C04F79EFBC}") = "Wms.Auth.IntegrationTests", "tests\Wms.Auth.IntegrationTests\Wms.Auth.IntegrationTests.csproj", "{C1915A98-E301-4162-8ADB-57259CC890D4}"
EndProject
Project("{2150E333-8FDC-42A3-9474-1A3956D46DE8}") = "Reporting", "Reporting", "{738763F7-68AC-12DE-A386-1ED9BDE12CF2}"
EndProject
Project("{FAE04EC0-301F-11D3-BF4B-00C04F79EFBC}") = "Wms.Reporting", "src\Modules\Reporting\Wms.Reporting\Wms.Reporting.csproj", "{7E39EEC6-CDC5-47D2-B4A3-A88CA6B53701}"
EndProject
Project("{FAE04EC0-301F-11D3-BF4B-00C04F79EFBC}") = "Wms.Reporting.Host.Local", "src\Hosts\Local\Wms.Reporting.Host.Local\Wms.Reporting.Host.Local.csproj", "{41BCE5A2-06E3-40FA-AF97-0D95D51A53D9}"
EndProject
Project("{FAE04EC0-301F-11D3-BF4B-00C04F79EFBC}") = "Wms.Reporting.IntegrationTests", "tests\Wms.Reporting.IntegrationTests\Wms.Reporting.IntegrationTests.csproj", "{645AE16D-9955-42B6-8D84-D08B1BFFA76D}"
EndProject
Project("{2150E333-8FDC-42A3-9474-1A3956D46DE8}") = "Notification", "Notification", "{4F8133DB-A301-0A1E-3DDE-929E67CC9B96}"
EndProject
Project("{FAE04EC0-301F-11D3-BF4B-00C04F79EFBC}") = "Wms.Notification", "src\Modules\Notification\Wms.Notification\Wms.Notification.csproj", "{D9F09929-7717-4246-841D-EDDDBFFE224F}"
EndProject
Project("{2150E333-8FDC-42A3-9474-1A3956D46DE8}") = "Auth", "Auth", "{E9D55F35-C373-3DD8-6914-3213F2F582A2}"
EndProject
Project("{FAE04EC0-301F-11D3-BF4B-00C04F79EFBC}") = "Wms.Notification.Host.Local", "src\Hosts\Local\Wms.Notification.Host.Local\Wms.Notification.Host.Local.csproj", "{9007E408-4183-49AE-8469-03BA07292C2D}"
EndProject
Project("{FAE04EC0-301F-11D3-BF4B-00C04F79EFBC}") = "Wms.Notification.IntegrationTests", "tests\Wms.Notification.IntegrationTests\Wms.Notification.IntegrationTests.csproj", "{15BC91F8-07CB-4D38-8FA9-21E898BA84B3}"
EndProject
Project("{2150E333-8FDC-42A3-9474-1A3956D46DE8}") = "Gateway", "Gateway", "{6306A8FB-679E-111F-6585-8F70E0EE6013}"
EndProject
Project("{FAE04EC0-301F-11D3-BF4B-00C04F79EFBC}") = "Wms.Gateway", "src\Gateway\Wms.Gateway\Wms.Gateway.csproj", "{EE0D1102-C592-499B-A083-3839C4AA94D2}"
EndProject
Project("{2150E333-8FDC-42A3-9474-1A3956D46DE8}") = "WebUI", "WebUI", "{42A6E319-EFF1-272F-1CD3-D4E80E0CDE70}"
EndProject
Project("{FAE04EC0-301F-11D3-BF4B-00C04F79EFBC}") = "Wms.WebUI", "src\WebUI\Wms.WebUI\Wms.WebUI.csproj", "{EC8B5D05-5F5B-40E5-83E2-A4451D812B27}"
EndProject
Project("{FAE04EC0-301F-11D3-BF4B-00C04F79EFBC}") = "Wms.Notification.Domain.UnitTests", "tests\Wms.Notification.Domain.UnitTests\Wms.Notification.Domain.UnitTests.csproj", "{BC8E6592-5A64-498B-8A23-6FFDA472591C}"
EndProject
Global
	GlobalSection(SolutionConfigurationPlatforms) = preSolution
		Debug|Any CPU = Debug|Any CPU
		Debug|x64 = Debug|x64
		Debug|x86 = Debug|x86
		Release|Any CPU = Release|Any CPU
		Release|x64 = Release|x64
		Release|x86 = Release|x86
	EndGlobalSection
	GlobalSection(ProjectConfigurationPlatforms) = postSolution
		{4E149CFC-6690-4DC2-9A15-92D90CDC0D55}.Debug|Any CPU.ActiveCfg = Debug|Any CPU
		{4E149CFC-6690-4DC2-9A15-92D90CDC0D55}.Debug|Any CPU.Build.0 = Debug|Any CPU
		{4E149CFC-6690-4DC2-9A15-92D90CDC0D55}.Debug|x64.ActiveCfg = Debug|Any CPU
		{4E149CFC-6690-4DC2-9A15-92D90CDC0D55}.Debug|x64.Build.0 = Debug|Any CPU
		{4E149CFC-6690-4DC2-9A15-92D90CDC0D55}.Debug|x86.ActiveCfg = Debug|Any CPU
		{4E149CFC-6690-4DC2-9A15-92D90CDC0D55}.Debug|x86.Build.0 = Debug|Any CPU
		{4E149CFC-6690-4DC2-9A15-92D90CDC0D55}.Release|Any CPU.ActiveCfg = Release|Any CPU
		{4E149CFC-6690-4DC2-9A15-92D90CDC0D55}.Release|Any CPU.Build.0 = Release|Any CPU
		{4E149CFC-6690-4DC2-9A15-92D90CDC0D55}.Release|x64.ActiveCfg = Release|Any CPU
		{4E149CFC-6690-4DC2-9A15-92D90CDC0D55}.Release|x64.Build.0 = Release|Any CPU
		{4E149CFC-6690-4DC2-9A15-92D90CDC0D55}.Release|x86.ActiveCfg = Release|Any CPU
		{4E149CFC-6690-4DC2-9A15-92D90CDC0D55}.Release|x86.Build.0 = Release|Any CPU
		{C8B7636D-EDE3-434A-8EE7-65DFDD7468E2}.Debug|Any CPU.ActiveCfg = Debug|Any CPU
		{C8B7636D-EDE3-434A-8EE7-65DFDD7468E2}.Debug|Any CPU.Build.0 = Debug|Any CPU
		{C8B7636D-EDE3-434A-8EE7-65DFDD7468E2}.Debug|x64.ActiveCfg = Debug|Any CPU
		{C8B7636D-EDE3-434A-8EE7-65DFDD7468E2}.Debug|x64.Build.0 = Debug|Any CPU
		{C8B7636D-EDE3-434A-8EE7-65DFDD7468E2}.Debug|x86.ActiveCfg = Debug|Any CPU
		{C8B7636D-EDE3-434A-8EE7-65DFDD7468E2}.Debug|x86.Build.0 = Debug|Any CPU
		{C8B7636D-EDE3-434A-8EE7-65DFDD7468E2}.Release|Any CPU.ActiveCfg = Release|Any CPU
		{C8B7636D-EDE3-434A-8EE7-65DFDD7468E2}.Release|Any CPU.Build.0 = Release|Any CPU
		{C8B7636D-EDE3-434A-8EE7-65DFDD7468E2}.Release|x64.ActiveCfg = Release|Any CPU
		{C8B7636D-EDE3-434A-8EE7-65DFDD7468E2}.Release|x64.Build.0 = Release|Any CPU
		{C8B7636D-EDE3-434A-8EE7-65DFDD7468E2}.Release|x86.ActiveCfg = Release|Any CPU
		{C8B7636D-EDE3-434A-8EE7-65DFDD7468E2}.Release|x86.Build.0 = Release|Any CPU
		{81CD5291-72D8-4348-BDE9-8396A2295152}.Debug|Any CPU.ActiveCfg = Debug|Any CPU
		{81CD5291-72D8-4348-BDE9-8396A2295152}.Debug|Any CPU.Build.0 = Debug|Any CPU
		{81CD5291-72D8-4348-BDE9-8396A2295152}.Debug|x64.ActiveCfg = Debug|Any CPU
		{81CD5291-72D8-4348-BDE9-8396A2295152}.Debug|x64.Build.0 = Debug|Any CPU
		{81CD5291-72D8-4348-BDE9-8396A2295152}.Debug|x86.ActiveCfg = Debug|Any CPU
		{81CD5291-72D8-4348-BDE9-8396A2295152}.Debug|x86.Build.0 = Debug|Any CPU
		{81CD5291-72D8-4348-BDE9-8396A2295152}.Release|Any CPU.ActiveCfg = Release|Any CPU
		{81CD5291-72D8-4348-BDE9-8396A2295152}.Release|Any CPU.Build.0 = Release|Any CPU
		{81CD5291-72D8-4348-BDE9-8396A2295152}.Release|x64.ActiveCfg = Release|Any CPU
		{81CD5291-72D8-4348-BDE9-8396A2295152}.Release|x64.Build.0 = Release|Any CPU
		{81CD5291-72D8-4348-BDE9-8396A2295152}.Release|x86.ActiveCfg = Release|Any CPU
		{81CD5291-72D8-4348-BDE9-8396A2295152}.Release|x86.Build.0 = Release|Any CPU
		{A53B7EBD-2746-401D-840C-89670EABF159}.Debug|Any CPU.ActiveCfg = Debug|Any CPU
		{A53B7EBD-2746-401D-840C-89670EABF159}.Debug|Any CPU.Build.0 = Debug|Any CPU
		{A53B7EBD-2746-401D-840C-89670EABF159}.Debug|x64.ActiveCfg = Debug|Any CPU
		{A53B7EBD-2746-401D-840C-89670EABF159}.Debug|x64.Build.0 = Debug|Any CPU
		{A53B7EBD-2746-401D-840C-89670EABF159}.Debug|x86.ActiveCfg = Debug|Any CPU
		{A53B7EBD-2746-401D-840C-89670EABF159}.Debug|x86.Build.0 = Debug|Any CPU
		{A53B7EBD-2746-401D-840C-89670EABF159}.Release|Any CPU.ActiveCfg = Release|Any CPU
		{A53B7EBD-2746-401D-840C-89670EABF159}.Release|Any CPU.Build.0 = Release|Any CPU
		{A53B7EBD-2746-401D-840C-89670EABF159}.Release|x64.ActiveCfg = Release|Any CPU
		{A53B7EBD-2746-401D-840C-89670EABF159}.Release|x64.Build.0 = Release|Any CPU
		{A53B7EBD-2746-401D-840C-89670EABF159}.Release|x86.ActiveCfg = Release|Any CPU
		{A53B7EBD-2746-401D-840C-89670EABF159}.Release|x86.Build.0 = Release|Any CPU
		{DBF6B414-6704-4088-AA5F-9E4E1520621B}.Debug|Any CPU.ActiveCfg = Debug|Any CPU
		{DBF6B414-6704-4088-AA5F-9E4E1520621B}.Debug|Any CPU.Build.0 = Debug|Any CPU
		{DBF6B414-6704-4088-AA5F-9E4E1520621B}.Debug|x64.ActiveCfg = Debug|Any CPU
		{DBF6B414-6704-4088-AA5F-9E4E1520621B}.Debug|x64.Build.0 = Debug|Any CPU
		{DBF6B414-6704-4088-AA5F-9E4E1520621B}.Debug|x86.ActiveCfg = Debug|Any CPU
		{DBF6B414-6704-4088-AA5F-9E4E1520621B}.Debug|x86.Build.0 = Debug|Any CPU
		{DBF6B414-6704-4088-AA5F-9E4E1520621B}.Release|Any CPU.ActiveCfg = Release|Any CPU
		{DBF6B414-6704-4088-AA5F-9E4E1520621B}.Release|Any CPU.Build.0 = Release|Any CPU
		{DBF6B414-6704-4088-AA5F-9E4E1520621B}.Release|x64.ActiveCfg = Release|Any CPU
		{DBF6B414-6704-4088-AA5F-9E4E1520621B}.Release|x64.Build.0 = Release|Any CPU
		{DBF6B414-6704-4088-AA5F-9E4E1520621B}.Release|x86.ActiveCfg = Release|Any CPU
		{DBF6B414-6704-4088-AA5F-9E4E1520621B}.Release|x86.Build.0 = Release|Any CPU
		{4CAEC8D7-086A-4291-9CB2-2BD29FF76CE9}.Debug|Any CPU.ActiveCfg = Debug|Any CPU
		{4CAEC8D7-086A-4291-9CB2-2BD29FF76CE9}.Debug|Any CPU.Build.0 = Debug|Any CPU
		{4CAEC8D7-086A-4291-9CB2-2BD29FF76CE9}.Debug|x64.ActiveCfg = Debug|Any CPU
		{4CAEC8D7-086A-4291-9CB2-2BD29FF76CE9}.Debug|x64.Build.0 = Debug|Any CPU
		{4CAEC8D7-086A-4291-9CB2-2BD29FF76CE9}.Debug|x86.ActiveCfg = Debug|Any CPU
		{4CAEC8D7-086A-4291-9CB2-2BD29FF76CE9}.Debug|x86.Build.0 = Debug|Any CPU
		{4CAEC8D7-086A-4291-9CB2-2BD29FF76CE9}.Release|Any CPU.ActiveCfg = Release|Any CPU
		{4CAEC8D7-086A-4291-9CB2-2BD29FF76CE9}.Release|Any CPU.Build.0 = Release|Any CPU
		{4CAEC8D7-086A-4291-9CB2-2BD29FF76CE9}.Release|x64.ActiveCfg = Release|Any CPU
		{4CAEC8D7-086A-4291-9CB2-2BD29FF76CE9}.Release|x64.Build.0 = Release|Any CPU
		{4CAEC8D7-086A-4291-9CB2-2BD29FF76CE9}.Release|x86.ActiveCfg = Release|Any CPU
		{4CAEC8D7-086A-4291-9CB2-2BD29FF76CE9}.Release|x86.Build.0 = Release|Any CPU
		{A331CDA6-4FA5-414A-8E3E-9812C01ED21E}.Debug|Any CPU.ActiveCfg = Debug|Any CPU
		{A331CDA6-4FA5-414A-8E3E-9812C01ED21E}.Debug|Any CPU.Build.0 = Debug|Any CPU
		{A331CDA6-4FA5-414A-8E3E-9812C01ED21E}.Debug|x64.ActiveCfg = Debug|Any CPU
		{A331CDA6-4FA5-414A-8E3E-9812C01ED21E}.Debug|x64.Build.0 = Debug|Any CPU
		{A331CDA6-4FA5-414A-8E3E-9812C01ED21E}.Debug|x86.ActiveCfg = Debug|Any CPU
		{A331CDA6-4FA5-414A-8E3E-9812C01ED21E}.Debug|x86.Build.0 = Debug|Any CPU
		{A331CDA6-4FA5-414A-8E3E-9812C01ED21E}.Release|Any CPU.ActiveCfg = Release|Any CPU
		{A331CDA6-4FA5-414A-8E3E-9812C01ED21E}.Release|Any CPU.Build.0 = Release|Any CPU
		{A331CDA6-4FA5-414A-8E3E-9812C01ED21E}.Release|x64.ActiveCfg = Release|Any CPU
		{A331CDA6-4FA5-414A-8E3E-9812C01ED21E}.Release|x64.Build.0 = Release|Any CPU
		{A331CDA6-4FA5-414A-8E3E-9812C01ED21E}.Release|x86.ActiveCfg = Release|Any CPU
		{A331CDA6-4FA5-414A-8E3E-9812C01ED21E}.Release|x86.Build.0 = Release|Any CPU
		{F81FFA5D-0D26-481F-BC4A-6C81E7DA8002}.Debug|Any CPU.ActiveCfg = Debug|Any CPU
		{F81FFA5D-0D26-481F-BC4A-6C81E7DA8002}.Debug|Any CPU.Build.0 = Debug|Any CPU
		{F81FFA5D-0D26-481F-BC4A-6C81E7DA8002}.Debug|x64.ActiveCfg = Debug|Any CPU
		{F81FFA5D-0D26-481F-BC4A-6C81E7DA8002}.Debug|x64.Build.0 = Debug|Any CPU
		{F81FFA5D-0D26-481F-BC4A-6C81E7DA8002}.Debug|x86.ActiveCfg = Debug|Any CPU
		{F81FFA5D-0D26-481F-BC4A-6C81E7DA8002}.Debug|x86.Build.0 = Debug|Any CPU
		{F81FFA5D-0D26-481F-BC4A-6C81E7DA8002}.Release|Any CPU.ActiveCfg = Release|Any CPU
		{F81FFA5D-0D26-481F-BC4A-6C81E7DA8002}.Release|Any CPU.Build.0 = Release|Any CPU
		{F81FFA5D-0D26-481F-BC4A-6C81E7DA8002}.Release|x64.ActiveCfg = Release|Any CPU
		{F81FFA5D-0D26-481F-BC4A-6C81E7DA8002}.Release|x64.Build.0 = Release|Any CPU
		{F81FFA5D-0D26-481F-BC4A-6C81E7DA8002}.Release|x86.ActiveCfg = Release|Any CPU
		{F81FFA5D-0D26-481F-BC4A-6C81E7DA8002}.Release|x86.Build.0 = Release|Any CPU
		{15A5BCBD-184A-42BE-BFCB-24F60D93AF13}.Debug|Any CPU.ActiveCfg = Debug|Any CPU
		{15A5BCBD-184A-42BE-BFCB-24F60D93AF13}.Debug|Any CPU.Build.0 = Debug|Any CPU
		{15A5BCBD-184A-42BE-BFCB-24F60D93AF13}.Debug|x64.ActiveCfg = Debug|Any CPU
		{15A5BCBD-184A-42BE-BFCB-24F60D93AF13}.Debug|x64.Build.0 = Debug|Any CPU
		{15A5BCBD-184A-42BE-BFCB-24F60D93AF13}.Debug|x86.ActiveCfg = Debug|Any CPU
		{15A5BCBD-184A-42BE-BFCB-24F60D93AF13}.Debug|x86.Build.0 = Debug|Any CPU
		{15A5BCBD-184A-42BE-BFCB-24F60D93AF13}.Release|Any CPU.ActiveCfg = Release|Any CPU
		{15A5BCBD-184A-42BE-BFCB-24F60D93AF13}.Release|Any CPU.Build.0 = Release|Any CPU
		{15A5BCBD-184A-42BE-BFCB-24F60D93AF13}.Release|x64.ActiveCfg = Release|Any CPU
		{15A5BCBD-184A-42BE-BFCB-24F60D93AF13}.Release|x64.Build.0 = Release|Any CPU
		{15A5BCBD-184A-42BE-BFCB-24F60D93AF13}.Release|x86.ActiveCfg = Release|Any CPU
		{15A5BCBD-184A-42BE-BFCB-24F60D93AF13}.Release|x86.Build.0 = Release|Any CPU
		{6B6B0264-ED97-4A03-87CA-58BF4FD7A2A6}.Debug|Any CPU.ActiveCfg = Debug|Any CPU
		{6B6B0264-ED97-4A03-87CA-58BF4FD7A2A6}.Debug|Any CPU.Build.0 = Debug|Any CPU
		{6B6B0264-ED97-4A03-87CA-58BF4FD7A2A6}.Debug|x64.ActiveCfg = Debug|Any CPU
		{6B6B0264-ED97-4A03-87CA-58BF4FD7A2A6}.Debug|x64.Build.0 = Debug|Any CPU
		{6B6B0264-ED97-4A03-87CA-58BF4FD7A2A6}.Debug|x86.ActiveCfg = Debug|Any CPU
		{6B6B0264-ED97-4A03-87CA-58BF4FD7A2A6}.Debug|x86.Build.0 = Debug|Any CPU
		{6B6B0264-ED97-4A03-87CA-58BF4FD7A2A6}.Release|Any CPU.ActiveCfg = Release|Any CPU
		{6B6B0264-ED97-4A03-87CA-58BF4FD7A2A6}.Release|Any CPU.Build.0 = Release|Any CPU
		{6B6B0264-ED97-4A03-87CA-58BF4FD7A2A6}.Release|x64.ActiveCfg = Release|Any CPU
		{6B6B0264-ED97-4A03-87CA-58BF4FD7A2A6}.Release|x64.Build.0 = Release|Any CPU
		{6B6B0264-ED97-4A03-87CA-58BF4FD7A2A6}.Release|x86.ActiveCfg = Release|Any CPU
		{6B6B0264-ED97-4A03-87CA-58BF4FD7A2A6}.Release|x86.Build.0 = Release|Any CPU
		{1C829FC3-227E-4E12-B44F-CCDBF27A39C1}.Debug|Any CPU.ActiveCfg = Debug|Any CPU
		{1C829FC3-227E-4E12-B44F-CCDBF27A39C1}.Debug|Any CPU.Build.0 = Debug|Any CPU
		{1C829FC3-227E-4E12-B44F-CCDBF27A39C1}.Debug|x64.ActiveCfg = Debug|Any CPU
		{1C829FC3-227E-4E12-B44F-CCDBF27A39C1}.Debug|x64.Build.0 = Debug|Any CPU
		{1C829FC3-227E-4E12-B44F-CCDBF27A39C1}.Debug|x86.ActiveCfg = Debug|Any CPU
		{1C829FC3-227E-4E12-B44F-CCDBF27A39C1}.Debug|x86.Build.0 = Debug|Any CPU
		{1C829FC3-227E-4E12-B44F-CCDBF27A39C1}.Release|Any CPU.ActiveCfg = Release|Any CPU
		{1C829FC3-227E-4E12-B44F-CCDBF27A39C1}.Release|Any CPU.Build.0 = Release|Any CPU
		{1C829FC3-227E-4E12-B44F-CCDBF27A39C1}.Release|x64.ActiveCfg = Release|Any CPU
		{1C829FC3-227E-4E12-B44F-CCDBF27A39C1}.Release|x64.Build.0 = Release|Any CPU
		{1C829FC3-227E-4E12-B44F-CCDBF27A39C1}.Release|x86.ActiveCfg = Release|Any CPU
		{1C829FC3-227E-4E12-B44F-CCDBF27A39C1}.Release|x86.Build.0 = Release|Any CPU
		{C6D787E8-35BE-4CEC-BBA5-E80EE2C61B99}.Debug|Any CPU.ActiveCfg = Debug|Any CPU
		{C6D787E8-35BE-4CEC-BBA5-E80EE2C61B99}.Debug|Any CPU.Build.0 = Debug|Any CPU
		{C6D787E8-35BE-4CEC-BBA5-E80EE2C61B99}.Debug|x64.ActiveCfg = Debug|Any CPU
		{C6D787E8-35BE-4CEC-BBA5-E80EE2C61B99}.Debug|x64.Build.0 = Debug|Any CPU
		{C6D787E8-35BE-4CEC-BBA5-E80EE2C61B99}.Debug|x86.ActiveCfg = Debug|Any CPU
		{C6D787E8-35BE-4CEC-BBA5-E80EE2C61B99}.Debug|x86.Build.0 = Debug|Any CPU
		{C6D787E8-35BE-4CEC-BBA5-E80EE2C61B99}.Release|Any CPU.ActiveCfg = Release|Any CPU
		{C6D787E8-35BE-4CEC-BBA5-E80EE2C61B99}.Release|Any CPU.Build.0 = Release|Any CPU
		{C6D787E8-35BE-4CEC-BBA5-E80EE2C61B99}.Release|x64.ActiveCfg = Release|Any CPU
		{C6D787E8-35BE-4CEC-BBA5-E80EE2C61B99}.Release|x64.Build.0 = Release|Any CPU
		{C6D787E8-35BE-4CEC-BBA5-E80EE2C61B99}.Release|x86.ActiveCfg = Release|Any CPU
		{C6D787E8-35BE-4CEC-BBA5-E80EE2C61B99}.Release|x86.Build.0 = Release|Any CPU
		{90E25B53-CBA7-441A-8480-34CF8CC503D9}.Debug|Any CPU.ActiveCfg = Debug|Any CPU
		{90E25B53-CBA7-441A-8480-34CF8CC503D9}.Debug|Any CPU.Build.0 = Debug|Any CPU
		{90E25B53-CBA7-441A-8480-34CF8CC503D9}.Debug|x64.ActiveCfg = Debug|Any CPU
		{90E25B53-CBA7-441A-8480-34CF8CC503D9}.Debug|x64.Build.0 = Debug|Any CPU
		{90E25B53-CBA7-441A-8480-34CF8CC503D9}.Debug|x86.ActiveCfg = Debug|Any CPU
		{90E25B53-CBA7-441A-8480-34CF8CC503D9}.Debug|x86.Build.0 = Debug|Any CPU
		{90E25B53-CBA7-441A-8480-34CF8CC503D9}.Release|Any CPU.ActiveCfg = Release|Any CPU
		{90E25B53-CBA7-441A-8480-34CF8CC503D9}.Release|Any CPU.Build.0 = Release|Any CPU
		{90E25B53-CBA7-441A-8480-34CF8CC503D9}.Release|x64.ActiveCfg = Release|Any CPU
		{90E25B53-CBA7-441A-8480-34CF8CC503D9}.Release|x64.Build.0 = Release|Any CPU
		{90E25B53-CBA7-441A-8480-34CF8CC503D9}.Release|x86.ActiveCfg = Release|Any CPU
		{90E25B53-CBA7-441A-8480-34CF8CC503D9}.Release|x86.Build.0 = Release|Any CPU
		{62BFCEB5-99C4-4930-8201-6A1BD8A968FF}.Debug|Any CPU.ActiveCfg = Debug|Any CPU
		{62BFCEB5-99C4-4930-8201-6A1BD8A968FF}.Debug|Any CPU.Build.0 = Debug|Any CPU
		{62BFCEB5-99C4-4930-8201-6A1BD8A968FF}.Debug|x64.ActiveCfg = Debug|Any CPU
		{62BFCEB5-99C4-4930-8201-6A1BD8A968FF}.Debug|x64.Build.0 = Debug|Any CPU
		{62BFCEB5-99C4-4930-8201-6A1BD8A968FF}.Debug|x86.ActiveCfg = Debug|Any CPU
		{62BFCEB5-99C4-4930-8201-6A1BD8A968FF}.Debug|x86.Build.0 = Debug|Any CPU
		{62BFCEB5-99C4-4930-8201-6A1BD8A968FF}.Release|Any CPU.ActiveCfg = Release|Any CPU
		{62BFCEB5-99C4-4930-8201-6A1BD8A968FF}.Release|Any CPU.Build.0 = Release|Any CPU
		{62BFCEB5-99C4-4930-8201-6A1BD8A968FF}.Release|x64.ActiveCfg = Release|Any CPU
		{62BFCEB5-99C4-4930-8201-6A1BD8A968FF}.Release|x64.Build.0 = Release|Any CPU
		{62BFCEB5-99C4-4930-8201-6A1BD8A968FF}.Release|x86.ActiveCfg = Release|Any CPU
		{62BFCEB5-99C4-4930-8201-6A1BD8A968FF}.Release|x86.Build.0 = Release|Any CPU
		{E509400B-D7A0-49B3-9A62-1A82507F33CC}.Debug|Any CPU.ActiveCfg = Debug|Any CPU
		{E509400B-D7A0-49B3-9A62-1A82507F33CC}.Debug|Any CPU.Build.0 = Debug|Any CPU
		{E509400B-D7A0-49B3-9A62-1A82507F33CC}.Debug|x64.ActiveCfg = Debug|Any CPU
		{E509400B-D7A0-49B3-9A62-1A82507F33CC}.Debug|x64.Build.0 = Debug|Any CPU
		{E509400B-D7A0-49B3-9A62-1A82507F33CC}.Debug|x86.ActiveCfg = Debug|Any CPU
		{E509400B-D7A0-49B3-9A62-1A82507F33CC}.Debug|x86.Build.0 = Debug|Any CPU
		{E509400B-D7A0-49B3-9A62-1A82507F33CC}.Release|Any CPU.ActiveCfg = Release|Any CPU
		{E509400B-D7A0-49B3-9A62-1A82507F33CC}.Release|Any CPU.Build.0 = Release|Any CPU
		{E509400B-D7A0-49B3-9A62-1A82507F33CC}.Release|x64.ActiveCfg = Release|Any CPU
		{E509400B-D7A0-49B3-9A62-1A82507F33CC}.Release|x64.Build.0 = Release|Any CPU
		{E509400B-D7A0-49B3-9A62-1A82507F33CC}.Release|x86.ActiveCfg = Release|Any CPU
		{E509400B-D7A0-49B3-9A62-1A82507F33CC}.Release|x86.Build.0 = Release|Any CPU
		{136FCCF2-3B88-4E2A-B268-7D951ADD52DF}.Debug|Any CPU.ActiveCfg = Debug|Any CPU
		{136FCCF2-3B88-4E2A-B268-7D951ADD52DF}.Debug|Any CPU.Build.0 = Debug|Any CPU
		{136FCCF2-3B88-4E2A-B268-7D951ADD52DF}.Debug|x64.ActiveCfg = Debug|Any CPU
		{136FCCF2-3B88-4E2A-B268-7D951ADD52DF}.Debug|x64.Build.0 = Debug|Any CPU
		{136FCCF2-3B88-4E2A-B268-7D951ADD52DF}.Debug|x86.ActiveCfg = Debug|Any CPU
		{136FCCF2-3B88-4E2A-B268-7D951ADD52DF}.Debug|x86.Build.0 = Debug|Any CPU
		{136FCCF2-3B88-4E2A-B268-7D951ADD52DF}.Release|Any CPU.ActiveCfg = Release|Any CPU
		{136FCCF2-3B88-4E2A-B268-7D951ADD52DF}.Release|Any CPU.Build.0 = Release|Any CPU
		{136FCCF2-3B88-4E2A-B268-7D951ADD52DF}.Release|x64.ActiveCfg = Release|Any CPU
		{136FCCF2-3B88-4E2A-B268-7D951ADD52DF}.Release|x64.Build.0 = Release|Any CPU
		{136FCCF2-3B88-4E2A-B268-7D951ADD52DF}.Release|x86.ActiveCfg = Release|Any CPU
		{136FCCF2-3B88-4E2A-B268-7D951ADD52DF}.Release|x86.Build.0 = Release|Any CPU
		{FDBE082A-05EF-4166-A106-CD66E6E49C94}.Debug|Any CPU.ActiveCfg = Debug|Any CPU
		{FDBE082A-05EF-4166-A106-CD66E6E49C94}.Debug|Any CPU.Build.0 = Debug|Any CPU
		{FDBE082A-05EF-4166-A106-CD66E6E49C94}.Debug|x64.ActiveCfg = Debug|Any CPU
		{FDBE082A-05EF-4166-A106-CD66E6E49C94}.Debug|x64.Build.0 = Debug|Any CPU
		{FDBE082A-05EF-4166-A106-CD66E6E49C94}.Debug|x86.ActiveCfg = Debug|Any CPU
		{FDBE082A-05EF-4166-A106-CD66E6E49C94}.Debug|x86.Build.0 = Debug|Any CPU
		{FDBE082A-05EF-4166-A106-CD66E6E49C94}.Release|Any CPU.ActiveCfg = Release|Any CPU
		{FDBE082A-05EF-4166-A106-CD66E6E49C94}.Release|Any CPU.Build.0 = Release|Any CPU
		{FDBE082A-05EF-4166-A106-CD66E6E49C94}.Release|x64.ActiveCfg = Release|Any CPU
		{FDBE082A-05EF-4166-A106-CD66E6E49C94}.Release|x64.Build.0 = Release|Any CPU
		{FDBE082A-05EF-4166-A106-CD66E6E49C94}.Release|x86.ActiveCfg = Release|Any CPU
		{FDBE082A-05EF-4166-A106-CD66E6E49C94}.Release|x86.Build.0 = Release|Any CPU
		{5BDCF7AA-3CFE-4EA5-80AC-41E8958642B3}.Debug|Any CPU.ActiveCfg = Debug|Any CPU
		{5BDCF7AA-3CFE-4EA5-80AC-41E8958642B3}.Debug|Any CPU.Build.0 = Debug|Any CPU
		{5BDCF7AA-3CFE-4EA5-80AC-41E8958642B3}.Debug|x64.ActiveCfg = Debug|Any CPU
		{5BDCF7AA-3CFE-4EA5-80AC-41E8958642B3}.Debug|x64.Build.0 = Debug|Any CPU
		{5BDCF7AA-3CFE-4EA5-80AC-41E8958642B3}.Debug|x86.ActiveCfg = Debug|Any CPU
		{5BDCF7AA-3CFE-4EA5-80AC-41E8958642B3}.Debug|x86.Build.0 = Debug|Any CPU
		{5BDCF7AA-3CFE-4EA5-80AC-41E8958642B3}.Release|Any CPU.ActiveCfg = Release|Any CPU
		{5BDCF7AA-3CFE-4EA5-80AC-41E8958642B3}.Release|Any CPU.Build.0 = Release|Any CPU
		{5BDCF7AA-3CFE-4EA5-80AC-41E8958642B3}.Release|x64.ActiveCfg = Release|Any CPU
		{5BDCF7AA-3CFE-4EA5-80AC-41E8958642B3}.Release|x64.Build.0 = Release|Any CPU
		{5BDCF7AA-3CFE-4EA5-80AC-41E8958642B3}.Release|x86.ActiveCfg = Release|Any CPU
		{5BDCF7AA-3CFE-4EA5-80AC-41E8958642B3}.Release|x86.Build.0 = Release|Any CPU
		{72607F20-26C8-4FB4-AE36-39B3F58FFA18}.Debug|Any CPU.ActiveCfg = Debug|Any CPU
		{72607F20-26C8-4FB4-AE36-39B3F58FFA18}.Debug|Any CPU.Build.0 = Debug|Any CPU
		{72607F20-26C8-4FB4-AE36-39B3F58FFA18}.Debug|x64.ActiveCfg = Debug|Any CPU
		{72607F20-26C8-4FB4-AE36-39B3F58FFA18}.Debug|x64.Build.0 = Debug|Any CPU
		{72607F20-26C8-4FB4-AE36-39B3F58FFA18}.Debug|x86.ActiveCfg = Debug|Any CPU
		{72607F20-26C8-4FB4-AE36-39B3F58FFA18}.Debug|x86.Build.0 = Debug|Any CPU
		{72607F20-26C8-4FB4-AE36-39B3F58FFA18}.Release|Any CPU.ActiveCfg = Release|Any CPU
		{72607F20-26C8-4FB4-AE36-39B3F58FFA18}.Release|Any CPU.Build.0 = Release|Any CPU
		{72607F20-26C8-4FB4-AE36-39B3F58FFA18}.Release|x64.ActiveCfg = Release|Any CPU
		{72607F20-26C8-4FB4-AE36-39B3F58FFA18}.Release|x64.Build.0 = Release|Any CPU
		{72607F20-26C8-4FB4-AE36-39B3F58FFA18}.Release|x86.ActiveCfg = Release|Any CPU
		{72607F20-26C8-4FB4-AE36-39B3F58FFA18}.Release|x86.Build.0 = Release|Any CPU
		{E57BFAA8-E376-47BD-BBF4-82D88006E906}.Debug|Any CPU.ActiveCfg = Debug|Any CPU
		{E57BFAA8-E376-47BD-BBF4-82D88006E906}.Debug|Any CPU.Build.0 = Debug|Any CPU
		{E57BFAA8-E376-47BD-BBF4-82D88006E906}.Debug|x64.ActiveCfg = Debug|Any CPU
		{E57BFAA8-E376-47BD-BBF4-82D88006E906}.Debug|x64.Build.0 = Debug|Any CPU
		{E57BFAA8-E376-47BD-BBF4-82D88006E906}.Debug|x86.ActiveCfg = Debug|Any CPU
		{E57BFAA8-E376-47BD-BBF4-82D88006E906}.Debug|x86.Build.0 = Debug|Any CPU
		{E57BFAA8-E376-47BD-BBF4-82D88006E906}.Release|Any CPU.ActiveCfg = Release|Any CPU
		{E57BFAA8-E376-47BD-BBF4-82D88006E906}.Release|Any CPU.Build.0 = Release|Any CPU
		{E57BFAA8-E376-47BD-BBF4-82D88006E906}.Release|x64.ActiveCfg = Release|Any CPU
		{E57BFAA8-E376-47BD-BBF4-82D88006E906}.Release|x64.Build.0 = Release|Any CPU
		{E57BFAA8-E376-47BD-BBF4-82D88006E906}.Release|x86.ActiveCfg = Release|Any CPU
		{E57BFAA8-E376-47BD-BBF4-82D88006E906}.Release|x86.Build.0 = Release|Any CPU
		{E2AD8C56-63D8-46E0-9028-AAB0B9B562BA}.Debug|Any CPU.ActiveCfg = Debug|Any CPU
		{E2AD8C56-63D8-46E0-9028-AAB0B9B562BA}.Debug|Any CPU.Build.0 = Debug|Any CPU
		{E2AD8C56-63D8-46E0-9028-AAB0B9B562BA}.Debug|x64.ActiveCfg = Debug|Any CPU
		{E2AD8C56-63D8-46E0-9028-AAB0B9B562BA}.Debug|x64.Build.0 = Debug|Any CPU
		{E2AD8C56-63D8-46E0-9028-AAB0B9B562BA}.Debug|x86.ActiveCfg = Debug|Any CPU
		{E2AD8C56-63D8-46E0-9028-AAB0B9B562BA}.Debug|x86.Build.0 = Debug|Any CPU
		{E2AD8C56-63D8-46E0-9028-AAB0B9B562BA}.Release|Any CPU.ActiveCfg = Release|Any CPU
		{E2AD8C56-63D8-46E0-9028-AAB0B9B562BA}.Release|Any CPU.Build.0 = Release|Any CPU
		{E2AD8C56-63D8-46E0-9028-AAB0B9B562BA}.Release|x64.ActiveCfg = Release|Any CPU
		{E2AD8C56-63D8-46E0-9028-AAB0B9B562BA}.Release|x64.Build.0 = Release|Any CPU
		{E2AD8C56-63D8-46E0-9028-AAB0B9B562BA}.Release|x86.ActiveCfg = Release|Any CPU
		{E2AD8C56-63D8-46E0-9028-AAB0B9B562BA}.Release|x86.Build.0 = Release|Any CPU
		{D903416A-B517-4AD3-9E07-20775BB6FD99}.Debug|Any CPU.ActiveCfg = Debug|Any CPU
		{D903416A-B517-4AD3-9E07-20775BB6FD99}.Debug|Any CPU.Build.0 = Debug|Any CPU
		{D903416A-B517-4AD3-9E07-20775BB6FD99}.Debug|x64.ActiveCfg = Debug|Any CPU
		{D903416A-B517-4AD3-9E07-20775BB6FD99}.Debug|x64.Build.0 = Debug|Any CPU
		{D903416A-B517-4AD3-9E07-20775BB6FD99}.Debug|x86.ActiveCfg = Debug|Any CPU
		{D903416A-B517-4AD3-9E07-20775BB6FD99}.Debug|x86.Build.0 = Debug|Any CPU
		{D903416A-B517-4AD3-9E07-20775BB6FD99}.Release|Any CPU.ActiveCfg = Release|Any CPU
		{D903416A-B517-4AD3-9E07-20775BB6FD99}.Release|Any CPU.Build.0 = Release|Any CPU
		{D903416A-B517-4AD3-9E07-20775BB6FD99}.Release|x64.ActiveCfg = Release|Any CPU
		{D903416A-B517-4AD3-9E07-20775BB6FD99}.Release|x64.Build.0 = Release|Any CPU
		{D903416A-B517-4AD3-9E07-20775BB6FD99}.Release|x86.ActiveCfg = Release|Any CPU
		{D903416A-B517-4AD3-9E07-20775BB6FD99}.Release|x86.Build.0 = Release|Any CPU
		{80FB9E98-2D2D-4533-BC4D-F09D1B1616AA}.Debug|Any CPU.ActiveCfg = Debug|Any CPU
		{80FB9E98-2D2D-4533-BC4D-F09D1B1616AA}.Debug|Any CPU.Build.0 = Debug|Any CPU
		{80FB9E98-2D2D-4533-BC4D-F09D1B1616AA}.Debug|x64.ActiveCfg = Debug|Any CPU
		{80FB9E98-2D2D-4533-BC4D-F09D1B1616AA}.Debug|x64.Build.0 = Debug|Any CPU
		{80FB9E98-2D2D-4533-BC4D-F09D1B1616AA}.Debug|x86.ActiveCfg = Debug|Any CPU
		{80FB9E98-2D2D-4533-BC4D-F09D1B1616AA}.Debug|x86.Build.0 = Debug|Any CPU
		{80FB9E98-2D2D-4533-BC4D-F09D1B1616AA}.Release|Any CPU.ActiveCfg = Release|Any CPU
		{80FB9E98-2D2D-4533-BC4D-F09D1B1616AA}.Release|Any CPU.Build.0 = Release|Any CPU
		{80FB9E98-2D2D-4533-BC4D-F09D1B1616AA}.Release|x64.ActiveCfg = Release|Any CPU
		{80FB9E98-2D2D-4533-BC4D-F09D1B1616AA}.Release|x64.Build.0 = Release|Any CPU
		{80FB9E98-2D2D-4533-BC4D-F09D1B1616AA}.Release|x86.ActiveCfg = Release|Any CPU
		{80FB9E98-2D2D-4533-BC4D-F09D1B1616AA}.Release|x86.Build.0 = Release|Any CPU
		{6B0786B2-F862-4C38-8F83-7134889F4426}.Debug|Any CPU.ActiveCfg = Debug|Any CPU
		{6B0786B2-F862-4C38-8F83-7134889F4426}.Debug|Any CPU.Build.0 = Debug|Any CPU
		{6B0786B2-F862-4C38-8F83-7134889F4426}.Debug|x64.ActiveCfg = Debug|Any CPU
		{6B0786B2-F862-4C38-8F83-7134889F4426}.Debug|x64.Build.0 = Debug|Any CPU
		{6B0786B2-F862-4C38-8F83-7134889F4426}.Debug|x86.ActiveCfg = Debug|Any CPU
		{6B0786B2-F862-4C38-8F83-7134889F4426}.Debug|x86.Build.0 = Debug|Any CPU
		{6B0786B2-F862-4C38-8F83-7134889F4426}.Release|Any CPU.ActiveCfg = Release|Any CPU
		{6B0786B2-F862-4C38-8F83-7134889F4426}.Release|Any CPU.Build.0 = Release|Any CPU
		{6B0786B2-F862-4C38-8F83-7134889F4426}.Release|x64.ActiveCfg = Release|Any CPU
		{6B0786B2-F862-4C38-8F83-7134889F4426}.Release|x64.Build.0 = Release|Any CPU
		{6B0786B2-F862-4C38-8F83-7134889F4426}.Release|x86.ActiveCfg = Release|Any CPU
		{6B0786B2-F862-4C38-8F83-7134889F4426}.Release|x86.Build.0 = Release|Any CPU
		{E3FB46C6-5C1E-4778-B2EF-9BD25FC8126F}.Debug|Any CPU.ActiveCfg = Debug|Any CPU
		{E3FB46C6-5C1E-4778-B2EF-9BD25FC8126F}.Debug|Any CPU.Build.0 = Debug|Any CPU
		{E3FB46C6-5C1E-4778-B2EF-9BD25FC8126F}.Debug|x64.ActiveCfg = Debug|Any CPU
		{E3FB46C6-5C1E-4778-B2EF-9BD25FC8126F}.Debug|x64.Build.0 = Debug|Any CPU
		{E3FB46C6-5C1E-4778-B2EF-9BD25FC8126F}.Debug|x86.ActiveCfg = Debug|Any CPU
		{E3FB46C6-5C1E-4778-B2EF-9BD25FC8126F}.Debug|x86.Build.0 = Debug|Any CPU
		{E3FB46C6-5C1E-4778-B2EF-9BD25FC8126F}.Release|Any CPU.ActiveCfg = Release|Any CPU
		{E3FB46C6-5C1E-4778-B2EF-9BD25FC8126F}.Release|Any CPU.Build.0 = Release|Any CPU
		{E3FB46C6-5C1E-4778-B2EF-9BD25FC8126F}.Release|x64.ActiveCfg = Release|Any CPU
		{E3FB46C6-5C1E-4778-B2EF-9BD25FC8126F}.Release|x64.Build.0 = Release|Any CPU
		{E3FB46C6-5C1E-4778-B2EF-9BD25FC8126F}.Release|x86.ActiveCfg = Release|Any CPU
		{E3FB46C6-5C1E-4778-B2EF-9BD25FC8126F}.Release|x86.Build.0 = Release|Any CPU
		{9F231F27-C448-4067-BAE8-605FC14EA05C}.Debug|Any CPU.ActiveCfg = Debug|Any CPU
		{9F231F27-C448-4067-BAE8-605FC14EA05C}.Debug|Any CPU.Build.0 = Debug|Any CPU
		{9F231F27-C448-4067-BAE8-605FC14EA05C}.Debug|x64.ActiveCfg = Debug|Any CPU
		{9F231F27-C448-4067-BAE8-605FC14EA05C}.Debug|x64.Build.0 = Debug|Any CPU
		{9F231F27-C448-4067-BAE8-605FC14EA05C}.Debug|x86.ActiveCfg = Debug|Any CPU
		{9F231F27-C448-4067-BAE8-605FC14EA05C}.Debug|x86.Build.0 = Debug|Any CPU
		{9F231F27-C448-4067-BAE8-605FC14EA05C}.Release|Any CPU.ActiveCfg = Release|Any CPU
		{9F231F27-C448-4067-BAE8-605FC14EA05C}.Release|Any CPU.Build.0 = Release|Any CPU
		{9F231F27-C448-4067-BAE8-605FC14EA05C}.Release|x64.ActiveCfg = Release|Any CPU
		{9F231F27-C448-4067-BAE8-605FC14EA05C}.Release|x64.Build.0 = Release|Any CPU
		{9F231F27-C448-4067-BAE8-605FC14EA05C}.Release|x86.ActiveCfg = Release|Any CPU
		{9F231F27-C448-4067-BAE8-605FC14EA05C}.Release|x86.Build.0 = Release|Any CPU
		{097F410B-1D7F-4EEA-81D8-11A09AE3F9AE}.Debug|Any CPU.ActiveCfg = Debug|Any CPU
		{097F410B-1D7F-4EEA-81D8-11A09AE3F9AE}.Debug|Any CPU.Build.0 = Debug|Any CPU
		{097F410B-1D7F-4EEA-81D8-11A09AE3F9AE}.Debug|x64.ActiveCfg = Debug|Any CPU
		{097F410B-1D7F-4EEA-81D8-11A09AE3F9AE}.Debug|x64.Build.0 = Debug|Any CPU
		{097F410B-1D7F-4EEA-81D8-11A09AE3F9AE}.Debug|x86.ActiveCfg = Debug|Any CPU
		{097F410B-1D7F-4EEA-81D8-11A09AE3F9AE}.Debug|x86.Build.0 = Debug|Any CPU
		{097F410B-1D7F-4EEA-81D8-11A09AE3F9AE}.Release|Any CPU.ActiveCfg = Release|Any CPU
		{097F410B-1D7F-4EEA-81D8-11A09AE3F9AE}.Release|Any CPU.Build.0 = Release|Any CPU
		{097F410B-1D7F-4EEA-81D8-11A09AE3F9AE}.Release|x64.ActiveCfg = Release|Any CPU
		{097F410B-1D7F-4EEA-81D8-11A09AE3F9AE}.Release|x64.Build.0 = Release|Any CPU
		{097F410B-1D7F-4EEA-81D8-11A09AE3F9AE}.Release|x86.ActiveCfg = Release|Any CPU
		{097F410B-1D7F-4EEA-81D8-11A09AE3F9AE}.Release|x86.Build.0 = Release|Any CPU
		{5F5CEB0F-4100-4DDF-8422-5D0132DA3F87}.Debug|Any CPU.ActiveCfg = Debug|Any CPU
		{5F5CEB0F-4100-4DDF-8422-5D0132DA3F87}.Debug|Any CPU.Build.0 = Debug|Any CPU
		{5F5CEB0F-4100-4DDF-8422-5D0132DA3F87}.Debug|x64.ActiveCfg = Debug|Any CPU
		{5F5CEB0F-4100-4DDF-8422-5D0132DA3F87}.Debug|x64.Build.0 = Debug|Any CPU
		{5F5CEB0F-4100-4DDF-8422-5D0132DA3F87}.Debug|x86.ActiveCfg = Debug|Any CPU
		{5F5CEB0F-4100-4DDF-8422-5D0132DA3F87}.Debug|x86.Build.0 = Debug|Any CPU
		{5F5CEB0F-4100-4DDF-8422-5D0132DA3F87}.Release|Any CPU.ActiveCfg = Release|Any CPU
		{5F5CEB0F-4100-4DDF-8422-5D0132DA3F87}.Release|Any CPU.Build.0 = Release|Any CPU
		{5F5CEB0F-4100-4DDF-8422-5D0132DA3F87}.Release|x64.ActiveCfg = Release|Any CPU
		{5F5CEB0F-4100-4DDF-8422-5D0132DA3F87}.Release|x64.Build.0 = Release|Any CPU
		{5F5CEB0F-4100-4DDF-8422-5D0132DA3F87}.Release|x86.ActiveCfg = Release|Any CPU
		{5F5CEB0F-4100-4DDF-8422-5D0132DA3F87}.Release|x86.Build.0 = Release|Any CPU
		{2A6EFD4C-7749-4EE1-92C9-01564D218BAA}.Debug|Any CPU.ActiveCfg = Debug|Any CPU
		{2A6EFD4C-7749-4EE1-92C9-01564D218BAA}.Debug|Any CPU.Build.0 = Debug|Any CPU
		{2A6EFD4C-7749-4EE1-92C9-01564D218BAA}.Debug|x64.ActiveCfg = Debug|Any CPU
		{2A6EFD4C-7749-4EE1-92C9-01564D218BAA}.Debug|x64.Build.0 = Debug|Any CPU
		{2A6EFD4C-7749-4EE1-92C9-01564D218BAA}.Debug|x86.ActiveCfg = Debug|Any CPU
		{2A6EFD4C-7749-4EE1-92C9-01564D218BAA}.Debug|x86.Build.0 = Debug|Any CPU
		{2A6EFD4C-7749-4EE1-92C9-01564D218BAA}.Release|Any CPU.ActiveCfg = Release|Any CPU
		{2A6EFD4C-7749-4EE1-92C9-01564D218BAA}.Release|Any CPU.Build.0 = Release|Any CPU
		{2A6EFD4C-7749-4EE1-92C9-01564D218BAA}.Release|x64.ActiveCfg = Release|Any CPU
		{2A6EFD4C-7749-4EE1-92C9-01564D218BAA}.Release|x64.Build.0 = Release|Any CPU
		{2A6EFD4C-7749-4EE1-92C9-01564D218BAA}.Release|x86.ActiveCfg = Release|Any CPU
		{2A6EFD4C-7749-4EE1-92C9-01564D218BAA}.Release|x86.Build.0 = Release|Any CPU
		{BD0228B1-B14F-481B-872B-F45D1C3C92D8}.Debug|Any CPU.ActiveCfg = Debug|Any CPU
		{BD0228B1-B14F-481B-872B-F45D1C3C92D8}.Debug|Any CPU.Build.0 = Debug|Any CPU
		{BD0228B1-B14F-481B-872B-F45D1C3C92D8}.Debug|x64.ActiveCfg = Debug|Any CPU
		{BD0228B1-B14F-481B-872B-F45D1C3C92D8}.Debug|x64.Build.0 = Debug|Any CPU
		{BD0228B1-B14F-481B-872B-F45D1C3C92D8}.Debug|x86.ActiveCfg = Debug|Any CPU
		{BD0228B1-B14F-481B-872B-F45D1C3C92D8}.Debug|x86.Build.0 = Debug|Any CPU
		{BD0228B1-B14F-481B-872B-F45D1C3C92D8}.Release|Any CPU.ActiveCfg = Release|Any CPU
		{BD0228B1-B14F-481B-872B-F45D1C3C92D8}.Release|Any CPU.Build.0 = Release|Any CPU
		{BD0228B1-B14F-481B-872B-F45D1C3C92D8}.Release|x64.ActiveCfg = Release|Any CPU
		{BD0228B1-B14F-481B-872B-F45D1C3C92D8}.Release|x64.Build.0 = Release|Any CPU
		{BD0228B1-B14F-481B-872B-F45D1C3C92D8}.Release|x86.ActiveCfg = Release|Any CPU
		{BD0228B1-B14F-481B-872B-F45D1C3C92D8}.Release|x86.Build.0 = Release|Any CPU
		{940A5506-B7A1-4B7A-A9DA-10570FEB02F5}.Debug|Any CPU.ActiveCfg = Debug|Any CPU
		{940A5506-B7A1-4B7A-A9DA-10570FEB02F5}.Debug|Any CPU.Build.0 = Debug|Any CPU
		{940A5506-B7A1-4B7A-A9DA-10570FEB02F5}.Debug|x64.ActiveCfg = Debug|Any CPU
		{940A5506-B7A1-4B7A-A9DA-10570FEB02F5}.Debug|x64.Build.0 = Debug|Any CPU
		{940A5506-B7A1-4B7A-A9DA-10570FEB02F5}.Debug|x86.ActiveCfg = Debug|Any CPU
		{940A5506-B7A1-4B7A-A9DA-10570FEB02F5}.Debug|x86.Build.0 = Debug|Any CPU
		{940A5506-B7A1-4B7A-A9DA-10570FEB02F5}.Release|Any CPU.ActiveCfg = Release|Any CPU
		{940A5506-B7A1-4B7A-A9DA-10570FEB02F5}.Release|Any CPU.Build.0 = Release|Any CPU
		{940A5506-B7A1-4B7A-A9DA-10570FEB02F5}.Release|x64.ActiveCfg = Release|Any CPU
		{940A5506-B7A1-4B7A-A9DA-10570FEB02F5}.Release|x64.Build.0 = Release|Any CPU
		{940A5506-B7A1-4B7A-A9DA-10570FEB02F5}.Release|x86.ActiveCfg = Release|Any CPU
		{940A5506-B7A1-4B7A-A9DA-10570FEB02F5}.Release|x86.Build.0 = Release|Any CPU
		{D8B654F3-C4E2-41A1-8109-A68F9496B03A}.Debug|Any CPU.ActiveCfg = Debug|Any CPU
		{D8B654F3-C4E2-41A1-8109-A68F9496B03A}.Debug|Any CPU.Build.0 = Debug|Any CPU
		{D8B654F3-C4E2-41A1-8109-A68F9496B03A}.Debug|x64.ActiveCfg = Debug|Any CPU
		{D8B654F3-C4E2-41A1-8109-A68F9496B03A}.Debug|x64.Build.0 = Debug|Any CPU
		{D8B654F3-C4E2-41A1-8109-A68F9496B03A}.Debug|x86.ActiveCfg = Debug|Any CPU
		{D8B654F3-C4E2-41A1-8109-A68F9496B03A}.Debug|x86.Build.0 = Debug|Any CPU
		{D8B654F3-C4E2-41A1-8109-A68F9496B03A}.Release|Any CPU.ActiveCfg = Release|Any CPU
		{D8B654F3-C4E2-41A1-8109-A68F9496B03A}.Release|Any CPU.Build.0 = Release|Any CPU
		{D8B654F3-C4E2-41A1-8109-A68F9496B03A}.Release|x64.ActiveCfg = Release|Any CPU
		{D8B654F3-C4E2-41A1-8109-A68F9496B03A}.Release|x64.Build.0 = Release|Any CPU
		{D8B654F3-C4E2-41A1-8109-A68F9496B03A}.Release|x86.ActiveCfg = Release|Any CPU
		{D8B654F3-C4E2-41A1-8109-A68F9496B03A}.Release|x86.Build.0 = Release|Any CPU
		{7713B5E9-3183-43C4-A116-33475B6A8E41}.Debug|Any CPU.ActiveCfg = Debug|Any CPU
		{7713B5E9-3183-43C4-A116-33475B6A8E41}.Debug|Any CPU.Build.0 = Debug|Any CPU
		{7713B5E9-3183-43C4-A116-33475B6A8E41}.Debug|x64.ActiveCfg = Debug|Any CPU
		{7713B5E9-3183-43C4-A116-33475B6A8E41}.Debug|x64.Build.0 = Debug|Any CPU
		{7713B5E9-3183-43C4-A116-33475B6A8E41}.Debug|x86.ActiveCfg = Debug|Any CPU
		{7713B5E9-3183-43C4-A116-33475B6A8E41}.Debug|x86.Build.0 = Debug|Any CPU
		{7713B5E9-3183-43C4-A116-33475B6A8E41}.Release|Any CPU.ActiveCfg = Release|Any CPU
		{7713B5E9-3183-43C4-A116-33475B6A8E41}.Release|Any CPU.Build.0 = Release|Any CPU
		{7713B5E9-3183-43C4-A116-33475B6A8E41}.Release|x64.ActiveCfg = Release|Any CPU
		{7713B5E9-3183-43C4-A116-33475B6A8E41}.Release|x64.Build.0 = Release|Any CPU
		{7713B5E9-3183-43C4-A116-33475B6A8E41}.Release|x86.ActiveCfg = Release|Any CPU
		{7713B5E9-3183-43C4-A116-33475B6A8E41}.Release|x86.Build.0 = Release|Any CPU
		{42D5E045-9362-4DB2-8E4B-06DA0AAFF710}.Debug|Any CPU.ActiveCfg = Debug|Any CPU
		{42D5E045-9362-4DB2-8E4B-06DA0AAFF710}.Debug|Any CPU.Build.0 = Debug|Any CPU
		{42D5E045-9362-4DB2-8E4B-06DA0AAFF710}.Debug|x64.ActiveCfg = Debug|Any CPU
		{42D5E045-9362-4DB2-8E4B-06DA0AAFF710}.Debug|x64.Build.0 = Debug|Any CPU
		{42D5E045-9362-4DB2-8E4B-06DA0AAFF710}.Debug|x86.ActiveCfg = Debug|Any CPU
		{42D5E045-9362-4DB2-8E4B-06DA0AAFF710}.Debug|x86.Build.0 = Debug|Any CPU
		{42D5E045-9362-4DB2-8E4B-06DA0AAFF710}.Release|Any CPU.ActiveCfg = Release|Any CPU
		{42D5E045-9362-4DB2-8E4B-06DA0AAFF710}.Release|Any CPU.Build.0 = Release|Any CPU
		{42D5E045-9362-4DB2-8E4B-06DA0AAFF710}.Release|x64.ActiveCfg = Release|Any CPU
		{42D5E045-9362-4DB2-8E4B-06DA0AAFF710}.Release|x64.Build.0 = Release|Any CPU
		{42D5E045-9362-4DB2-8E4B-06DA0AAFF710}.Release|x86.ActiveCfg = Release|Any CPU
		{42D5E045-9362-4DB2-8E4B-06DA0AAFF710}.Release|x86.Build.0 = Release|Any CPU
		{16433AD2-B311-4551-BA1E-E71260DA3E40}.Debug|Any CPU.ActiveCfg = Debug|Any CPU
		{16433AD2-B311-4551-BA1E-E71260DA3E40}.Debug|Any CPU.Build.0 = Debug|Any CPU
		{16433AD2-B311-4551-BA1E-E71260DA3E40}.Debug|x64.ActiveCfg = Debug|Any CPU
		{16433AD2-B311-4551-BA1E-E71260DA3E40}.Debug|x64.Build.0 = Debug|Any CPU
		{16433AD2-B311-4551-BA1E-E71260DA3E40}.Debug|x86.ActiveCfg = Debug|Any CPU
		{16433AD2-B311-4551-BA1E-E71260DA3E40}.Debug|x86.Build.0 = Debug|Any CPU
		{16433AD2-B311-4551-BA1E-E71260DA3E40}.Release|Any CPU.ActiveCfg = Release|Any CPU
		{16433AD2-B311-4551-BA1E-E71260DA3E40}.Release|Any CPU.Build.0 = Release|Any CPU
		{16433AD2-B311-4551-BA1E-E71260DA3E40}.Release|x64.ActiveCfg = Release|Any CPU
		{16433AD2-B311-4551-BA1E-E71260DA3E40}.Release|x64.Build.0 = Release|Any CPU
		{16433AD2-B311-4551-BA1E-E71260DA3E40}.Release|x86.ActiveCfg = Release|Any CPU
		{16433AD2-B311-4551-BA1E-E71260DA3E40}.Release|x86.Build.0 = Release|Any CPU
		{A3A780D6-D9CC-4F89-A5BC-393C475DEAA7}.Debug|Any CPU.ActiveCfg = Debug|Any CPU
		{A3A780D6-D9CC-4F89-A5BC-393C475DEAA7}.Debug|Any CPU.Build.0 = Debug|Any CPU
		{A3A780D6-D9CC-4F89-A5BC-393C475DEAA7}.Debug|x64.ActiveCfg = Debug|Any CPU
		{A3A780D6-D9CC-4F89-A5BC-393C475DEAA7}.Debug|x64.Build.0 = Debug|Any CPU
		{A3A780D6-D9CC-4F89-A5BC-393C475DEAA7}.Debug|x86.ActiveCfg = Debug|Any CPU
		{A3A780D6-D9CC-4F89-A5BC-393C475DEAA7}.Debug|x86.Build.0 = Debug|Any CPU
		{A3A780D6-D9CC-4F89-A5BC-393C475DEAA7}.Release|Any CPU.ActiveCfg = Release|Any CPU
		{A3A780D6-D9CC-4F89-A5BC-393C475DEAA7}.Release|Any CPU.Build.0 = Release|Any CPU
		{A3A780D6-D9CC-4F89-A5BC-393C475DEAA7}.Release|x64.ActiveCfg = Release|Any CPU
		{A3A780D6-D9CC-4F89-A5BC-393C475DEAA7}.Release|x64.Build.0 = Release|Any CPU
		{A3A780D6-D9CC-4F89-A5BC-393C475DEAA7}.Release|x86.ActiveCfg = Release|Any CPU
		{A3A780D6-D9CC-4F89-A5BC-393C475DEAA7}.Release|x86.Build.0 = Release|Any CPU
		{D84E16EA-58D0-4BFE-AB0A-14C968CA9F56}.Debug|Any CPU.ActiveCfg = Debug|Any CPU
		{D84E16EA-58D0-4BFE-AB0A-14C968CA9F56}.Debug|Any CPU.Build.0 = Debug|Any CPU
		{D84E16EA-58D0-4BFE-AB0A-14C968CA9F56}.Debug|x64.ActiveCfg = Debug|Any CPU
		{D84E16EA-58D0-4BFE-AB0A-14C968CA9F56}.Debug|x64.Build.0 = Debug|Any CPU
		{D84E16EA-58D0-4BFE-AB0A-14C968CA9F56}.Debug|x86.ActiveCfg = Debug|Any CPU
		{D84E16EA-58D0-4BFE-AB0A-14C968CA9F56}.Debug|x86.Build.0 = Debug|Any CPU
		{D84E16EA-58D0-4BFE-AB0A-14C968CA9F56}.Release|Any CPU.ActiveCfg = Release|Any CPU
		{D84E16EA-58D0-4BFE-AB0A-14C968CA9F56}.Release|Any CPU.Build.0 = Release|Any CPU
		{D84E16EA-58D0-4BFE-AB0A-14C968CA9F56}.Release|x64.ActiveCfg = Release|Any CPU
		{D84E16EA-58D0-4BFE-AB0A-14C968CA9F56}.Release|x64.Build.0 = Release|Any CPU
		{D84E16EA-58D0-4BFE-AB0A-14C968CA9F56}.Release|x86.ActiveCfg = Release|Any CPU
		{D84E16EA-58D0-4BFE-AB0A-14C968CA9F56}.Release|x86.Build.0 = Release|Any CPU
		{F4FF18B9-A824-489D-813D-9B8F01C1B850}.Debug|Any CPU.ActiveCfg = Debug|Any CPU
		{F4FF18B9-A824-489D-813D-9B8F01C1B850}.Debug|Any CPU.Build.0 = Debug|Any CPU
		{F4FF18B9-A824-489D-813D-9B8F01C1B850}.Debug|x64.ActiveCfg = Debug|Any CPU
		{F4FF18B9-A824-489D-813D-9B8F01C1B850}.Debug|x64.Build.0 = Debug|Any CPU
		{F4FF18B9-A824-489D-813D-9B8F01C1B850}.Debug|x86.ActiveCfg = Debug|Any CPU
		{F4FF18B9-A824-489D-813D-9B8F01C1B850}.Debug|x86.Build.0 = Debug|Any CPU
		{F4FF18B9-A824-489D-813D-9B8F01C1B850}.Release|Any CPU.ActiveCfg = Release|Any CPU
		{F4FF18B9-A824-489D-813D-9B8F01C1B850}.Release|Any CPU.Build.0 = Release|Any CPU
		{F4FF18B9-A824-489D-813D-9B8F01C1B850}.Release|x64.ActiveCfg = Release|Any CPU
		{F4FF18B9-A824-489D-813D-9B8F01C1B850}.Release|x64.Build.0 = Release|Any CPU
		{F4FF18B9-A824-489D-813D-9B8F01C1B850}.Release|x86.ActiveCfg = Release|Any CPU
		{F4FF18B9-A824-489D-813D-9B8F01C1B850}.Release|x86.Build.0 = Release|Any CPU
		{717FDABE-C832-4FE7-9B85-C1604C65B7AF}.Debug|Any CPU.ActiveCfg = Debug|Any CPU
		{717FDABE-C832-4FE7-9B85-C1604C65B7AF}.Debug|Any CPU.Build.0 = Debug|Any CPU
		{717FDABE-C832-4FE7-9B85-C1604C65B7AF}.Debug|x64.ActiveCfg = Debug|Any CPU
		{717FDABE-C832-4FE7-9B85-C1604C65B7AF}.Debug|x64.Build.0 = Debug|Any CPU
		{717FDABE-C832-4FE7-9B85-C1604C65B7AF}.Debug|x86.ActiveCfg = Debug|Any CPU
		{717FDABE-C832-4FE7-9B85-C1604C65B7AF}.Debug|x86.Build.0 = Debug|Any CPU
		{717FDABE-C832-4FE7-9B85-C1604C65B7AF}.Release|Any CPU.ActiveCfg = Release|Any CPU
		{717FDABE-C832-4FE7-9B85-C1604C65B7AF}.Release|Any CPU.Build.0 = Release|Any CPU
		{717FDABE-C832-4FE7-9B85-C1604C65B7AF}.Release|x64.ActiveCfg = Release|Any CPU
		{717FDABE-C832-4FE7-9B85-C1604C65B7AF}.Release|x64.Build.0 = Release|Any CPU
		{717FDABE-C832-4FE7-9B85-C1604C65B7AF}.Release|x86.ActiveCfg = Release|Any CPU
		{717FDABE-C832-4FE7-9B85-C1604C65B7AF}.Release|x86.Build.0 = Release|Any CPU
		{F9BFD738-4174-46A9-9EC1-C6750A89EA34}.Debug|Any CPU.ActiveCfg = Debug|Any CPU
		{F9BFD738-4174-46A9-9EC1-C6750A89EA34}.Debug|Any CPU.Build.0 = Debug|Any CPU
		{F9BFD738-4174-46A9-9EC1-C6750A89EA34}.Debug|x64.ActiveCfg = Debug|Any CPU
		{F9BFD738-4174-46A9-9EC1-C6750A89EA34}.Debug|x64.Build.0 = Debug|Any CPU
		{F9BFD738-4174-46A9-9EC1-C6750A89EA34}.Debug|x86.ActiveCfg = Debug|Any CPU
		{F9BFD738-4174-46A9-9EC1-C6750A89EA34}.Debug|x86.Build.0 = Debug|Any CPU
		{F9BFD738-4174-46A9-9EC1-C6750A89EA34}.Release|Any CPU.ActiveCfg = Release|Any CPU
		{F9BFD738-4174-46A9-9EC1-C6750A89EA34}.Release|Any CPU.Build.0 = Release|Any CPU
		{F9BFD738-4174-46A9-9EC1-C6750A89EA34}.Release|x64.ActiveCfg = Release|Any CPU
		{F9BFD738-4174-46A9-9EC1-C6750A89EA34}.Release|x64.Build.0 = Release|Any CPU
		{F9BFD738-4174-46A9-9EC1-C6750A89EA34}.Release|x86.ActiveCfg = Release|Any CPU
		{F9BFD738-4174-46A9-9EC1-C6750A89EA34}.Release|x86.Build.0 = Release|Any CPU
		{CE123908-413D-42FF-A1F1-C9BAEF345D2C}.Debug|Any CPU.ActiveCfg = Debug|Any CPU
		{CE123908-413D-42FF-A1F1-C9BAEF345D2C}.Debug|Any CPU.Build.0 = Debug|Any CPU
		{CE123908-413D-42FF-A1F1-C9BAEF345D2C}.Debug|x64.ActiveCfg = Debug|Any CPU
		{CE123908-413D-42FF-A1F1-C9BAEF345D2C}.Debug|x64.Build.0 = Debug|Any CPU
		{CE123908-413D-42FF-A1F1-C9BAEF345D2C}.Debug|x86.ActiveCfg = Debug|Any CPU
		{CE123908-413D-42FF-A1F1-C9BAEF345D2C}.Debug|x86.Build.0 = Debug|Any CPU
		{CE123908-413D-42FF-A1F1-C9BAEF345D2C}.Release|Any CPU.ActiveCfg = Release|Any CPU
		{CE123908-413D-42FF-A1F1-C9BAEF345D2C}.Release|Any CPU.Build.0 = Release|Any CPU
		{CE123908-413D-42FF-A1F1-C9BAEF345D2C}.Release|x64.ActiveCfg = Release|Any CPU
		{CE123908-413D-42FF-A1F1-C9BAEF345D2C}.Release|x64.Build.0 = Release|Any CPU
		{CE123908-413D-42FF-A1F1-C9BAEF345D2C}.Release|x86.ActiveCfg = Release|Any CPU
		{CE123908-413D-42FF-A1F1-C9BAEF345D2C}.Release|x86.Build.0 = Release|Any CPU
		{C5F43B8F-0382-4334-94FA-889EFA704BE3}.Debug|Any CPU.ActiveCfg = Debug|Any CPU
		{C5F43B8F-0382-4334-94FA-889EFA704BE3}.Debug|Any CPU.Build.0 = Debug|Any CPU
		{C5F43B8F-0382-4334-94FA-889EFA704BE3}.Debug|x64.ActiveCfg = Debug|Any CPU
		{C5F43B8F-0382-4334-94FA-889EFA704BE3}.Debug|x64.Build.0 = Debug|Any CPU
		{C5F43B8F-0382-4334-94FA-889EFA704BE3}.Debug|x86.ActiveCfg = Debug|Any CPU
		{C5F43B8F-0382-4334-94FA-889EFA704BE3}.Debug|x86.Build.0 = Debug|Any CPU
		{C5F43B8F-0382-4334-94FA-889EFA704BE3}.Release|Any CPU.ActiveCfg = Release|Any CPU
		{C5F43B8F-0382-4334-94FA-889EFA704BE3}.Release|Any CPU.Build.0 = Release|Any CPU
		{C5F43B8F-0382-4334-94FA-889EFA704BE3}.Release|x64.ActiveCfg = Release|Any CPU
		{C5F43B8F-0382-4334-94FA-889EFA704BE3}.Release|x64.Build.0 = Release|Any CPU
		{C5F43B8F-0382-4334-94FA-889EFA704BE3}.Release|x86.ActiveCfg = Release|Any CPU
		{C5F43B8F-0382-4334-94FA-889EFA704BE3}.Release|x86.Build.0 = Release|Any CPU
		{18DC9CE1-876B-4039-B1E0-387CFEE7D5F8}.Debug|Any CPU.ActiveCfg = Debug|Any CPU
		{18DC9CE1-876B-4039-B1E0-387CFEE7D5F8}.Debug|Any CPU.Build.0 = Debug|Any CPU
		{18DC9CE1-876B-4039-B1E0-387CFEE7D5F8}.Debug|x64.ActiveCfg = Debug|Any CPU
		{18DC9CE1-876B-4039-B1E0-387CFEE7D5F8}.Debug|x64.Build.0 = Debug|Any CPU
		{18DC9CE1-876B-4039-B1E0-387CFEE7D5F8}.Debug|x86.ActiveCfg = Debug|Any CPU
		{18DC9CE1-876B-4039-B1E0-387CFEE7D5F8}.Debug|x86.Build.0 = Debug|Any CPU
		{18DC9CE1-876B-4039-B1E0-387CFEE7D5F8}.Release|Any CPU.ActiveCfg = Release|Any CPU
		{18DC9CE1-876B-4039-B1E0-387CFEE7D5F8}.Release|Any CPU.Build.0 = Release|Any CPU
		{18DC9CE1-876B-4039-B1E0-387CFEE7D5F8}.Release|x64.ActiveCfg = Release|Any CPU
		{18DC9CE1-876B-4039-B1E0-387CFEE7D5F8}.Release|x64.Build.0 = Release|Any CPU
		{18DC9CE1-876B-4039-B1E0-387CFEE7D5F8}.Release|x86.ActiveCfg = Release|Any CPU
		{18DC9CE1-876B-4039-B1E0-387CFEE7D5F8}.Release|x86.Build.0 = Release|Any CPU
		{F7C5194F-C435-4BAF-A56B-D00AA8CC7670}.Debug|Any CPU.ActiveCfg = Debug|Any CPU
		{F7C5194F-C435-4BAF-A56B-D00AA8CC7670}.Debug|Any CPU.Build.0 = Debug|Any CPU
		{F7C5194F-C435-4BAF-A56B-D00AA8CC7670}.Debug|x64.ActiveCfg = Debug|Any CPU
		{F7C5194F-C435-4BAF-A56B-D00AA8CC7670}.Debug|x64.Build.0 = Debug|Any CPU
		{F7C5194F-C435-4BAF-A56B-D00AA8CC7670}.Debug|x86.ActiveCfg = Debug|Any CPU
		{F7C5194F-C435-4BAF-A56B-D00AA8CC7670}.Debug|x86.Build.0 = Debug|Any CPU
		{F7C5194F-C435-4BAF-A56B-D00AA8CC7670}.Release|Any CPU.ActiveCfg = Release|Any CPU
		{F7C5194F-C435-4BAF-A56B-D00AA8CC7670}.Release|Any CPU.Build.0 = Release|Any CPU
		{F7C5194F-C435-4BAF-A56B-D00AA8CC7670}.Release|x64.ActiveCfg = Release|Any CPU
		{F7C5194F-C435-4BAF-A56B-D00AA8CC7670}.Release|x64.Build.0 = Release|Any CPU
		{F7C5194F-C435-4BAF-A56B-D00AA8CC7670}.Release|x86.ActiveCfg = Release|Any CPU
		{F7C5194F-C435-4BAF-A56B-D00AA8CC7670}.Release|x86.Build.0 = Release|Any CPU
		{D01AE6CE-8426-435F-9595-B7954AE62200}.Debug|Any CPU.ActiveCfg = Debug|Any CPU
		{D01AE6CE-8426-435F-9595-B7954AE62200}.Debug|Any CPU.Build.0 = Debug|Any CPU
		{D01AE6CE-8426-435F-9595-B7954AE62200}.Debug|x64.ActiveCfg = Debug|Any CPU
		{D01AE6CE-8426-435F-9595-B7954AE62200}.Debug|x64.Build.0 = Debug|Any CPU
		{D01AE6CE-8426-435F-9595-B7954AE62200}.Debug|x86.ActiveCfg = Debug|Any CPU
		{D01AE6CE-8426-435F-9595-B7954AE62200}.Debug|x86.Build.0 = Debug|Any CPU
		{D01AE6CE-8426-435F-9595-B7954AE62200}.Release|Any CPU.ActiveCfg = Release|Any CPU
		{D01AE6CE-8426-435F-9595-B7954AE62200}.Release|Any CPU.Build.0 = Release|Any CPU
		{D01AE6CE-8426-435F-9595-B7954AE62200}.Release|x64.ActiveCfg = Release|Any CPU
		{D01AE6CE-8426-435F-9595-B7954AE62200}.Release|x64.Build.0 = Release|Any CPU
		{D01AE6CE-8426-435F-9595-B7954AE62200}.Release|x86.ActiveCfg = Release|Any CPU
		{D01AE6CE-8426-435F-9595-B7954AE62200}.Release|x86.Build.0 = Release|Any CPU
		{2587F466-C08F-4704-8ED6-7AE1E49AA771}.Debug|Any CPU.ActiveCfg = Debug|Any CPU
		{2587F466-C08F-4704-8ED6-7AE1E49AA771}.Debug|Any CPU.Build.0 = Debug|Any CPU
		{2587F466-C08F-4704-8ED6-7AE1E49AA771}.Debug|x64.ActiveCfg = Debug|Any CPU
		{2587F466-C08F-4704-8ED6-7AE1E49AA771}.Debug|x64.Build.0 = Debug|Any CPU
		{2587F466-C08F-4704-8ED6-7AE1E49AA771}.Debug|x86.ActiveCfg = Debug|Any CPU
		{2587F466-C08F-4704-8ED6-7AE1E49AA771}.Debug|x86.Build.0 = Debug|Any CPU
		{2587F466-C08F-4704-8ED6-7AE1E49AA771}.Release|Any CPU.ActiveCfg = Release|Any CPU
		{2587F466-C08F-4704-8ED6-7AE1E49AA771}.Release|Any CPU.Build.0 = Release|Any CPU
		{2587F466-C08F-4704-8ED6-7AE1E49AA771}.Release|x64.ActiveCfg = Release|Any CPU
		{2587F466-C08F-4704-8ED6-7AE1E49AA771}.Release|x64.Build.0 = Release|Any CPU
		{2587F466-C08F-4704-8ED6-7AE1E49AA771}.Release|x86.ActiveCfg = Release|Any CPU
		{2587F466-C08F-4704-8ED6-7AE1E49AA771}.Release|x86.Build.0 = Release|Any CPU
		{1ACEF63C-4508-4946-9ECF-DB1B86E55CB1}.Debug|Any CPU.ActiveCfg = Debug|Any CPU
		{1ACEF63C-4508-4946-9ECF-DB1B86E55CB1}.Debug|Any CPU.Build.0 = Debug|Any CPU
		{1ACEF63C-4508-4946-9ECF-DB1B86E55CB1}.Debug|x64.ActiveCfg = Debug|Any CPU
		{1ACEF63C-4508-4946-9ECF-DB1B86E55CB1}.Debug|x64.Build.0 = Debug|Any CPU
		{1ACEF63C-4508-4946-9ECF-DB1B86E55CB1}.Debug|x86.ActiveCfg = Debug|Any CPU
		{1ACEF63C-4508-4946-9ECF-DB1B86E55CB1}.Debug|x86.Build.0 = Debug|Any CPU
		{1ACEF63C-4508-4946-9ECF-DB1B86E55CB1}.Release|Any CPU.ActiveCfg = Release|Any CPU
		{1ACEF63C-4508-4946-9ECF-DB1B86E55CB1}.Release|Any CPU.Build.0 = Release|Any CPU
		{1ACEF63C-4508-4946-9ECF-DB1B86E55CB1}.Release|x64.ActiveCfg = Release|Any CPU
		{1ACEF63C-4508-4946-9ECF-DB1B86E55CB1}.Release|x64.Build.0 = Release|Any CPU
		{1ACEF63C-4508-4946-9ECF-DB1B86E55CB1}.Release|x86.ActiveCfg = Release|Any CPU
		{1ACEF63C-4508-4946-9ECF-DB1B86E55CB1}.Release|x86.Build.0 = Release|Any CPU
		{B6746FBB-1D11-4AF1-8FC2-F7E39A2B53DA}.Debug|Any CPU.ActiveCfg = Debug|Any CPU
		{B6746FBB-1D11-4AF1-8FC2-F7E39A2B53DA}.Debug|Any CPU.Build.0 = Debug|Any CPU
		{B6746FBB-1D11-4AF1-8FC2-F7E39A2B53DA}.Debug|x64.ActiveCfg = Debug|Any CPU
		{B6746FBB-1D11-4AF1-8FC2-F7E39A2B53DA}.Debug|x64.Build.0 = Debug|Any CPU
		{B6746FBB-1D11-4AF1-8FC2-F7E39A2B53DA}.Debug|x86.ActiveCfg = Debug|Any CPU
		{B6746FBB-1D11-4AF1-8FC2-F7E39A2B53DA}.Debug|x86.Build.0 = Debug|Any CPU
		{B6746FBB-1D11-4AF1-8FC2-F7E39A2B53DA}.Release|Any CPU.ActiveCfg = Release|Any CPU
		{B6746FBB-1D11-4AF1-8FC2-F7E39A2B53DA}.Release|Any CPU.Build.0 = Release|Any CPU
		{B6746FBB-1D11-4AF1-8FC2-F7E39A2B53DA}.Release|x64.ActiveCfg = Release|Any CPU
		{B6746FBB-1D11-4AF1-8FC2-F7E39A2B53DA}.Release|x64.Build.0 = Release|Any CPU
		{B6746FBB-1D11-4AF1-8FC2-F7E39A2B53DA}.Release|x86.ActiveCfg = Release|Any CPU
		{B6746FBB-1D11-4AF1-8FC2-F7E39A2B53DA}.Release|x86.Build.0 = Release|Any CPU
		{00EB4343-D4CC-44F5-B460-83E88A1E3121}.Debug|Any CPU.ActiveCfg = Debug|Any CPU
		{00EB4343-D4CC-44F5-B460-83E88A1E3121}.Debug|Any CPU.Build.0 = Debug|Any CPU
		{00EB4343-D4CC-44F5-B460-83E88A1E3121}.Debug|x64.ActiveCfg = Debug|Any CPU
		{00EB4343-D4CC-44F5-B460-83E88A1E3121}.Debug|x64.Build.0 = Debug|Any CPU
		{00EB4343-D4CC-44F5-B460-83E88A1E3121}.Debug|x86.ActiveCfg = Debug|Any CPU
		{00EB4343-D4CC-44F5-B460-83E88A1E3121}.Debug|x86.Build.0 = Debug|Any CPU
		{00EB4343-D4CC-44F5-B460-83E88A1E3121}.Release|Any CPU.ActiveCfg = Release|Any CPU
		{00EB4343-D4CC-44F5-B460-83E88A1E3121}.Release|Any CPU.Build.0 = Release|Any CPU
		{00EB4343-D4CC-44F5-B460-83E88A1E3121}.Release|x64.ActiveCfg = Release|Any CPU
		{00EB4343-D4CC-44F5-B460-83E88A1E3121}.Release|x64.Build.0 = Release|Any CPU
		{00EB4343-D4CC-44F5-B460-83E88A1E3121}.Release|x86.ActiveCfg = Release|Any CPU
		{00EB4343-D4CC-44F5-B460-83E88A1E3121}.Release|x86.Build.0 = Release|Any CPU
		{25524F51-3FCD-48A8-96CE-DCC3A0A668C7}.Debug|Any CPU.ActiveCfg = Debug|Any CPU
		{25524F51-3FCD-48A8-96CE-DCC3A0A668C7}.Debug|Any CPU.Build.0 = Debug|Any CPU
		{25524F51-3FCD-48A8-96CE-DCC3A0A668C7}.Debug|x64.ActiveCfg = Debug|Any CPU
		{25524F51-3FCD-48A8-96CE-DCC3A0A668C7}.Debug|x64.Build.0 = Debug|Any CPU
		{25524F51-3FCD-48A8-96CE-DCC3A0A668C7}.Debug|x86.ActiveCfg = Debug|Any CPU
		{25524F51-3FCD-48A8-96CE-DCC3A0A668C7}.Debug|x86.Build.0 = Debug|Any CPU
		{25524F51-3FCD-48A8-96CE-DCC3A0A668C7}.Release|Any CPU.ActiveCfg = Release|Any CPU
		{25524F51-3FCD-48A8-96CE-DCC3A0A668C7}.Release|Any CPU.Build.0 = Release|Any CPU
		{25524F51-3FCD-48A8-96CE-DCC3A0A668C7}.Release|x64.ActiveCfg = Release|Any CPU
		{25524F51-3FCD-48A8-96CE-DCC3A0A668C7}.Release|x64.Build.0 = Release|Any CPU
		{25524F51-3FCD-48A8-96CE-DCC3A0A668C7}.Release|x86.ActiveCfg = Release|Any CPU
		{25524F51-3FCD-48A8-96CE-DCC3A0A668C7}.Release|x86.Build.0 = Release|Any CPU
		{EB7D0F0D-DEE5-4E6B-BB68-E1EECF43D3E6}.Debug|Any CPU.ActiveCfg = Debug|Any CPU
		{EB7D0F0D-DEE5-4E6B-BB68-E1EECF43D3E6}.Debug|Any CPU.Build.0 = Debug|Any CPU
		{EB7D0F0D-DEE5-4E6B-BB68-E1EECF43D3E6}.Debug|x64.ActiveCfg = Debug|Any CPU
		{EB7D0F0D-DEE5-4E6B-BB68-E1EECF43D3E6}.Debug|x64.Build.0 = Debug|Any CPU
		{EB7D0F0D-DEE5-4E6B-BB68-E1EECF43D3E6}.Debug|x86.ActiveCfg = Debug|Any CPU
		{EB7D0F0D-DEE5-4E6B-BB68-E1EECF43D3E6}.Debug|x86.Build.0 = Debug|Any CPU
		{EB7D0F0D-DEE5-4E6B-BB68-E1EECF43D3E6}.Release|Any CPU.ActiveCfg = Release|Any CPU
		{EB7D0F0D-DEE5-4E6B-BB68-E1EECF43D3E6}.Release|Any CPU.Build.0 = Release|Any CPU
		{EB7D0F0D-DEE5-4E6B-BB68-E1EECF43D3E6}.Release|x64.ActiveCfg = Release|Any CPU
		{EB7D0F0D-DEE5-4E6B-BB68-E1EECF43D3E6}.Release|x64.Build.0 = Release|Any CPU
		{EB7D0F0D-DEE5-4E6B-BB68-E1EECF43D3E6}.Release|x86.ActiveCfg = Release|Any CPU
		{EB7D0F0D-DEE5-4E6B-BB68-E1EECF43D3E6}.Release|x86.Build.0 = Release|Any CPU
		{793C7619-A26E-40C6-BBA2-84281EF9534A}.Debug|Any CPU.ActiveCfg = Debug|Any CPU
		{793C7619-A26E-40C6-BBA2-84281EF9534A}.Debug|Any CPU.Build.0 = Debug|Any CPU
		{793C7619-A26E-40C6-BBA2-84281EF9534A}.Debug|x64.ActiveCfg = Debug|Any CPU
		{793C7619-A26E-40C6-BBA2-84281EF9534A}.Debug|x64.Build.0 = Debug|Any CPU
		{793C7619-A26E-40C6-BBA2-84281EF9534A}.Debug|x86.ActiveCfg = Debug|Any CPU
		{793C7619-A26E-40C6-BBA2-84281EF9534A}.Debug|x86.Build.0 = Debug|Any CPU
		{793C7619-A26E-40C6-BBA2-84281EF9534A}.Release|Any CPU.ActiveCfg = Release|Any CPU
		{793C7619-A26E-40C6-BBA2-84281EF9534A}.Release|Any CPU.Build.0 = Release|Any CPU
		{793C7619-A26E-40C6-BBA2-84281EF9534A}.Release|x64.ActiveCfg = Release|Any CPU
		{793C7619-A26E-40C6-BBA2-84281EF9534A}.Release|x64.Build.0 = Release|Any CPU
		{793C7619-A26E-40C6-BBA2-84281EF9534A}.Release|x86.ActiveCfg = Release|Any CPU
		{793C7619-A26E-40C6-BBA2-84281EF9534A}.Release|x86.Build.0 = Release|Any CPU
		{C1915A98-E301-4162-8ADB-57259CC890D4}.Debug|Any CPU.ActiveCfg = Debug|Any CPU
		{C1915A98-E301-4162-8ADB-57259CC890D4}.Debug|Any CPU.Build.0 = Debug|Any CPU
		{C1915A98-E301-4162-8ADB-57259CC890D4}.Debug|x64.ActiveCfg = Debug|Any CPU
		{C1915A98-E301-4162-8ADB-57259CC890D4}.Debug|x64.Build.0 = Debug|Any CPU
		{C1915A98-E301-4162-8ADB-57259CC890D4}.Debug|x86.ActiveCfg = Debug|Any CPU
		{C1915A98-E301-4162-8ADB-57259CC890D4}.Debug|x86.Build.0 = Debug|Any CPU
		{C1915A98-E301-4162-8ADB-57259CC890D4}.Release|Any CPU.ActiveCfg = Release|Any CPU
		{C1915A98-E301-4162-8ADB-57259CC890D4}.Release|Any CPU.Build.0 = Release|Any CPU
		{C1915A98-E301-4162-8ADB-57259CC890D4}.Release|x64.ActiveCfg = Release|Any CPU
		{C1915A98-E301-4162-8ADB-57259CC890D4}.Release|x64.Build.0 = Release|Any CPU
		{C1915A98-E301-4162-8ADB-57259CC890D4}.Release|x86.ActiveCfg = Release|Any CPU
		{C1915A98-E301-4162-8ADB-57259CC890D4}.Release|x86.Build.0 = Release|Any CPU
		{7E39EEC6-CDC5-47D2-B4A3-A88CA6B53701}.Debug|Any CPU.ActiveCfg = Debug|Any CPU
		{7E39EEC6-CDC5-47D2-B4A3-A88CA6B53701}.Debug|Any CPU.Build.0 = Debug|Any CPU
		{7E39EEC6-CDC5-47D2-B4A3-A88CA6B53701}.Debug|x64.ActiveCfg = Debug|Any CPU
		{7E39EEC6-CDC5-47D2-B4A3-A88CA6B53701}.Debug|x64.Build.0 = Debug|Any CPU
		{7E39EEC6-CDC5-47D2-B4A3-A88CA6B53701}.Debug|x86.ActiveCfg = Debug|Any CPU
		{7E39EEC6-CDC5-47D2-B4A3-A88CA6B53701}.Debug|x86.Build.0 = Debug|Any CPU
		{7E39EEC6-CDC5-47D2-B4A3-A88CA6B53701}.Release|Any CPU.ActiveCfg = Release|Any CPU
		{7E39EEC6-CDC5-47D2-B4A3-A88CA6B53701}.Release|Any CPU.Build.0 = Release|Any CPU
		{7E39EEC6-CDC5-47D2-B4A3-A88CA6B53701}.Release|x64.ActiveCfg = Release|Any CPU
		{7E39EEC6-CDC5-47D2-B4A3-A88CA6B53701}.Release|x64.Build.0 = Release|Any CPU
		{7E39EEC6-CDC5-47D2-B4A3-A88CA6B53701}.Release|x86.ActiveCfg = Release|Any CPU
		{7E39EEC6-CDC5-47D2-B4A3-A88CA6B53701}.Release|x86.Build.0 = Release|Any CPU
		{41BCE5A2-06E3-40FA-AF97-0D95D51A53D9}.Debug|Any CPU.ActiveCfg = Debug|Any CPU
		{41BCE5A2-06E3-40FA-AF97-0D95D51A53D9}.Debug|Any CPU.Build.0 = Debug|Any CPU
		{41BCE5A2-06E3-40FA-AF97-0D95D51A53D9}.Debug|x64.ActiveCfg = Debug|Any CPU
		{41BCE5A2-06E3-40FA-AF97-0D95D51A53D9}.Debug|x64.Build.0 = Debug|Any CPU
		{41BCE5A2-06E3-40FA-AF97-0D95D51A53D9}.Debug|x86.ActiveCfg = Debug|Any CPU
		{41BCE5A2-06E3-40FA-AF97-0D95D51A53D9}.Debug|x86.Build.0 = Debug|Any CPU
		{41BCE5A2-06E3-40FA-AF97-0D95D51A53D9}.Release|Any CPU.ActiveCfg = Release|Any CPU
		{41BCE5A2-06E3-40FA-AF97-0D95D51A53D9}.Release|Any CPU.Build.0 = Release|Any CPU
		{41BCE5A2-06E3-40FA-AF97-0D95D51A53D9}.Release|x64.ActiveCfg = Release|Any CPU
		{41BCE5A2-06E3-40FA-AF97-0D95D51A53D9}.Release|x64.Build.0 = Release|Any CPU
		{41BCE5A2-06E3-40FA-AF97-0D95D51A53D9}.Release|x86.ActiveCfg = Release|Any CPU
		{41BCE5A2-06E3-40FA-AF97-0D95D51A53D9}.Release|x86.Build.0 = Release|Any CPU
		{645AE16D-9955-42B6-8D84-D08B1BFFA76D}.Debug|Any CPU.ActiveCfg = Debug|Any CPU
		{645AE16D-9955-42B6-8D84-D08B1BFFA76D}.Debug|Any CPU.Build.0 = Debug|Any CPU
		{645AE16D-9955-42B6-8D84-D08B1BFFA76D}.Debug|x64.ActiveCfg = Debug|Any CPU
		{645AE16D-9955-42B6-8D84-D08B1BFFA76D}.Debug|x64.Build.0 = Debug|Any CPU
		{645AE16D-9955-42B6-8D84-D08B1BFFA76D}.Debug|x86.ActiveCfg = Debug|Any CPU
		{645AE16D-9955-42B6-8D84-D08B1BFFA76D}.Debug|x86.Build.0 = Debug|Any CPU
		{645AE16D-9955-42B6-8D84-D08B1BFFA76D}.Release|Any CPU.ActiveCfg = Release|Any CPU
		{645AE16D-9955-42B6-8D84-D08B1BFFA76D}.Release|Any CPU.Build.0 = Release|Any CPU
		{645AE16D-9955-42B6-8D84-D08B1BFFA76D}.Release|x64.ActiveCfg = Release|Any CPU
		{645AE16D-9955-42B6-8D84-D08B1BFFA76D}.Release|x64.Build.0 = Release|Any CPU
		{645AE16D-9955-42B6-8D84-D08B1BFFA76D}.Release|x86.ActiveCfg = Release|Any CPU
		{645AE16D-9955-42B6-8D84-D08B1BFFA76D}.Release|x86.Build.0 = Release|Any CPU
		{D9F09929-7717-4246-841D-EDDDBFFE224F}.Debug|Any CPU.ActiveCfg = Debug|Any CPU
		{D9F09929-7717-4246-841D-EDDDBFFE224F}.Debug|Any CPU.Build.0 = Debug|Any CPU
		{D9F09929-7717-4246-841D-EDDDBFFE224F}.Debug|x64.ActiveCfg = Debug|Any CPU
		{D9F09929-7717-4246-841D-EDDDBFFE224F}.Debug|x64.Build.0 = Debug|Any CPU
		{D9F09929-7717-4246-841D-EDDDBFFE224F}.Debug|x86.ActiveCfg = Debug|Any CPU
		{D9F09929-7717-4246-841D-EDDDBFFE224F}.Debug|x86.Build.0 = Debug|Any CPU
		{D9F09929-7717-4246-841D-EDDDBFFE224F}.Release|Any CPU.ActiveCfg = Release|Any CPU
		{D9F09929-7717-4246-841D-EDDDBFFE224F}.Release|Any CPU.Build.0 = Release|Any CPU
		{D9F09929-7717-4246-841D-EDDDBFFE224F}.Release|x64.ActiveCfg = Release|Any CPU
		{D9F09929-7717-4246-841D-EDDDBFFE224F}.Release|x64.Build.0 = Release|Any CPU
		{D9F09929-7717-4246-841D-EDDDBFFE224F}.Release|x86.ActiveCfg = Release|Any CPU
		{D9F09929-7717-4246-841D-EDDDBFFE224F}.Release|x86.Build.0 = Release|Any CPU
		{9007E408-4183-49AE-8469-03BA07292C2D}.Debug|Any CPU.ActiveCfg = Debug|Any CPU
		{9007E408-4183-49AE-8469-03BA07292C2D}.Debug|Any CPU.Build.0 = Debug|Any CPU
		{9007E408-4183-49AE-8469-03BA07292C2D}.Debug|x64.ActiveCfg = Debug|Any CPU
		{9007E408-4183-49AE-8469-03BA07292C2D}.Debug|x64.Build.0 = Debug|Any CPU
		{9007E408-4183-49AE-8469-03BA07292C2D}.Debug|x86.ActiveCfg = Debug|Any CPU
		{9007E408-4183-49AE-8469-03BA07292C2D}.Debug|x86.Build.0 = Debug|Any CPU
		{9007E408-4183-49AE-8469-03BA07292C2D}.Release|Any CPU.ActiveCfg = Release|Any CPU
		{9007E408-4183-49AE-8469-03BA07292C2D}.Release|Any CPU.Build.0 = Release|Any CPU
		{9007E408-4183-49AE-8469-03BA07292C2D}.Release|x64.ActiveCfg = Release|Any CPU
		{9007E408-4183-49AE-8469-03BA07292C2D}.Release|x64.Build.0 = Release|Any CPU
		{9007E408-4183-49AE-8469-03BA07292C2D}.Release|x86.ActiveCfg = Release|Any CPU
		{9007E408-4183-49AE-8469-03BA07292C2D}.Release|x86.Build.0 = Release|Any CPU
		{15BC91F8-07CB-4D38-8FA9-21E898BA84B3}.Debug|Any CPU.ActiveCfg = Debug|Any CPU
		{15BC91F8-07CB-4D38-8FA9-21E898BA84B3}.Debug|Any CPU.Build.0 = Debug|Any CPU
		{15BC91F8-07CB-4D38-8FA9-21E898BA84B3}.Debug|x64.ActiveCfg = Debug|Any CPU
		{15BC91F8-07CB-4D38-8FA9-21E898BA84B3}.Debug|x64.Build.0 = Debug|Any CPU
		{15BC91F8-07CB-4D38-8FA9-21E898BA84B3}.Debug|x86.ActiveCfg = Debug|Any CPU
		{15BC91F8-07CB-4D38-8FA9-21E898BA84B3}.Debug|x86.Build.0 = Debug|Any CPU
		{15BC91F8-07CB-4D38-8FA9-21E898BA84B3}.Release|Any CPU.ActiveCfg = Release|Any CPU
		{15BC91F8-07CB-4D38-8FA9-21E898BA84B3}.Release|Any CPU.Build.0 = Release|Any CPU
		{15BC91F8-07CB-4D38-8FA9-21E898BA84B3}.Release|x64.ActiveCfg = Release|Any CPU
		{15BC91F8-07CB-4D38-8FA9-21E898BA84B3}.Release|x64.Build.0 = Release|Any CPU
		{15BC91F8-07CB-4D38-8FA9-21E898BA84B3}.Release|x86.ActiveCfg = Release|Any CPU
		{15BC91F8-07CB-4D38-8FA9-21E898BA84B3}.Release|x86.Build.0 = Release|Any CPU
		{EE0D1102-C592-499B-A083-3839C4AA94D2}.Debug|Any CPU.ActiveCfg = Debug|Any CPU
		{EE0D1102-C592-499B-A083-3839C4AA94D2}.Debug|Any CPU.Build.0 = Debug|Any CPU
		{EE0D1102-C592-499B-A083-3839C4AA94D2}.Debug|x64.ActiveCfg = Debug|Any CPU
		{EE0D1102-C592-499B-A083-3839C4AA94D2}.Debug|x64.Build.0 = Debug|Any CPU
		{EE0D1102-C592-499B-A083-3839C4AA94D2}.Debug|x86.ActiveCfg = Debug|Any CPU
		{EE0D1102-C592-499B-A083-3839C4AA94D2}.Debug|x86.Build.0 = Debug|Any CPU
		{EE0D1102-C592-499B-A083-3839C4AA94D2}.Release|Any CPU.ActiveCfg = Release|Any CPU
		{EE0D1102-C592-499B-A083-3839C4AA94D2}.Release|Any CPU.Build.0 = Release|Any CPU
		{EE0D1102-C592-499B-A083-3839C4AA94D2}.Release|x64.ActiveCfg = Release|Any CPU
		{EE0D1102-C592-499B-A083-3839C4AA94D2}.Release|x64.Build.0 = Release|Any CPU
		{EE0D1102-C592-499B-A083-3839C4AA94D2}.Release|x86.ActiveCfg = Release|Any CPU
		{EE0D1102-C592-499B-A083-3839C4AA94D2}.Release|x86.Build.0 = Release|Any CPU
		{EC8B5D05-5F5B-40E5-83E2-A4451D812B27}.Debug|Any CPU.ActiveCfg = Debug|Any CPU
		{EC8B5D05-5F5B-40E5-83E2-A4451D812B27}.Debug|Any CPU.Build.0 = Debug|Any CPU
		{EC8B5D05-5F5B-40E5-83E2-A4451D812B27}.Debug|x64.ActiveCfg = Debug|Any CPU
		{EC8B5D05-5F5B-40E5-83E2-A4451D812B27}.Debug|x64.Build.0 = Debug|Any CPU
		{EC8B5D05-5F5B-40E5-83E2-A4451D812B27}.Debug|x86.ActiveCfg = Debug|Any CPU
		{EC8B5D05-5F5B-40E5-83E2-A4451D812B27}.Debug|x86.Build.0 = Debug|Any CPU
		{EC8B5D05-5F5B-40E5-83E2-A4451D812B27}.Release|Any CPU.ActiveCfg = Release|Any CPU
		{EC8B5D05-5F5B-40E5-83E2-A4451D812B27}.Release|Any CPU.Build.0 = Release|Any CPU
		{EC8B5D05-5F5B-40E5-83E2-A4451D812B27}.Release|x64.ActiveCfg = Release|Any CPU
		{EC8B5D05-5F5B-40E5-83E2-A4451D812B27}.Release|x64.Build.0 = Release|Any CPU
		{EC8B5D05-5F5B-40E5-83E2-A4451D812B27}.Release|x86.ActiveCfg = Release|Any CPU
		{EC8B5D05-5F5B-40E5-83E2-A4451D812B27}.Release|x86.Build.0 = Release|Any CPU
		{BC8E6592-5A64-498B-8A23-6FFDA472591C}.Debug|Any CPU.ActiveCfg = Debug|Any CPU
		{BC8E6592-5A64-498B-8A23-6FFDA472591C}.Debug|Any CPU.Build.0 = Debug|Any CPU
		{BC8E6592-5A64-498B-8A23-6FFDA472591C}.Debug|x64.ActiveCfg = Debug|Any CPU
		{BC8E6592-5A64-498B-8A23-6FFDA472591C}.Debug|x64.Build.0 = Debug|Any CPU
		{BC8E6592-5A64-498B-8A23-6FFDA472591C}.Debug|x86.ActiveCfg = Debug|Any CPU
		{BC8E6592-5A64-498B-8A23-6FFDA472591C}.Debug|x86.Build.0 = Debug|Any CPU
		{BC8E6592-5A64-498B-8A23-6FFDA472591C}.Release|Any CPU.ActiveCfg = Release|Any CPU
		{BC8E6592-5A64-498B-8A23-6FFDA472591C}.Release|Any CPU.Build.0 = Release|Any CPU
		{BC8E6592-5A64-498B-8A23-6FFDA472591C}.Release|x64.ActiveCfg = Release|Any CPU
		{BC8E6592-5A64-498B-8A23-6FFDA472591C}.Release|x64.Build.0 = Release|Any CPU
		{BC8E6592-5A64-498B-8A23-6FFDA472591C}.Release|x86.ActiveCfg = Release|Any CPU
		{BC8E6592-5A64-498B-8A23-6FFDA472591C}.Release|x86.Build.0 = Release|Any CPU
	EndGlobalSection
	GlobalSection(SolutionProperties) = preSolution
		HideSolutionNode = FALSE
	EndGlobalSection
	GlobalSection(NestedProjects) = preSolution
		{90298CBA-BD6F-3A0A-69D5-97CAD7B05E7E} = {827E0CD3-B72D-47B6-A68D-7590B98EB39B}
		{4E149CFC-6690-4DC2-9A15-92D90CDC0D55} = {90298CBA-BD6F-3A0A-69D5-97CAD7B05E7E}
		{C8B7636D-EDE3-434A-8EE7-65DFDD7468E2} = {90298CBA-BD6F-3A0A-69D5-97CAD7B05E7E}
		{81CD5291-72D8-4348-BDE9-8396A2295152} = {90298CBA-BD6F-3A0A-69D5-97CAD7B05E7E}
		{A53B7EBD-2746-401D-840C-89670EABF159} = {90298CBA-BD6F-3A0A-69D5-97CAD7B05E7E}
		{C79C3622-AC92-5B3C-4F71-0BD0E7B3816F} = {827E0CD3-B72D-47B6-A68D-7590B98EB39B}
		{E5451CAD-5FFA-0CA8-CC97-90F4B8A767BC} = {C79C3622-AC92-5B3C-4F71-0BD0E7B3816F}
		{DBF6B414-6704-4088-AA5F-9E4E1520621B} = {E5451CAD-5FFA-0CA8-CC97-90F4B8A767BC}
		{EC447DCF-ABFA-6E24-52A5-D7FD48A5C558} = {827E0CD3-B72D-47B6-A68D-7590B98EB39B}
		{02D216FA-6726-7BFF-78B2-9748449FB8B0} = {EC447DCF-ABFA-6E24-52A5-D7FD48A5C558}
		{4CAEC8D7-086A-4291-9CB2-2BD29FF76CE9} = {02D216FA-6726-7BFF-78B2-9748449FB8B0}
		{A331CDA6-4FA5-414A-8E3E-9812C01ED21E} = {02D216FA-6726-7BFF-78B2-9748449FB8B0}
		{F81FFA5D-0D26-481F-BC4A-6C81E7DA8002} = {02D216FA-6726-7BFF-78B2-9748449FB8B0}
		{15A5BCBD-184A-42BE-BFCB-24F60D93AF13} = {02D216FA-6726-7BFF-78B2-9748449FB8B0}
		{6B6B0264-ED97-4A03-87CA-58BF4FD7A2A6} = {02D216FA-6726-7BFF-78B2-9748449FB8B0}
		{4DF80442-A1E5-CC28-AE7B-27B5F9BFE52B} = {827E0CD3-B72D-47B6-A68D-7590B98EB39B}
		{1C829FC3-227E-4E12-B44F-CCDBF27A39C1} = {4DF80442-A1E5-CC28-AE7B-27B5F9BFE52B}
		{C6D787E8-35BE-4CEC-BBA5-E80EE2C61B99} = {4DF80442-A1E5-CC28-AE7B-27B5F9BFE52B}
		{90E25B53-CBA7-441A-8480-34CF8CC503D9} = {0AB3BF05-4346-4AA6-1389-037BE0695223}
		{63882A7C-90E5-DEE3-63BB-E6ABDBC8A365} = {827E0CD3-B72D-47B6-A68D-7590B98EB39B}
		{62BFCEB5-99C4-4930-8201-6A1BD8A968FF} = {63882A7C-90E5-DEE3-63BB-E6ABDBC8A365}
		{DCB6FCB8-FF92-AC57-0842-1F72A354D6B1} = {827E0CD3-B72D-47B6-A68D-7590B98EB39B}
		{E509400B-D7A0-49B3-9A62-1A82507F33CC} = {DCB6FCB8-FF92-AC57-0842-1F72A354D6B1}
		{136FCCF2-3B88-4E2A-B268-7D951ADD52DF} = {0AB3BF05-4346-4AA6-1389-037BE0695223}
		{FDBE082A-05EF-4166-A106-CD66E6E49C94} = {0AB3BF05-4346-4AA6-1389-037BE0695223}
		{18C073E0-6CB1-4693-3636-BFEE619A6192} = {EC447DCF-ABFA-6E24-52A5-D7FD48A5C558}
		{5BDCF7AA-3CFE-4EA5-80AC-41E8958642B3} = {18C073E0-6CB1-4693-3636-BFEE619A6192}
		{72607F20-26C8-4FB4-AE36-39B3F58FFA18} = {0AB3BF05-4346-4AA6-1389-037BE0695223}
		{E57BFAA8-E376-47BD-BBF4-82D88006E906} = {18C073E0-6CB1-4693-3636-BFEE619A6192}
		{E2AD8C56-63D8-46E0-9028-AAB0B9B562BA} = {18C073E0-6CB1-4693-3636-BFEE619A6192}
		{D903416A-B517-4AD3-9E07-20775BB6FD99} = {E5451CAD-5FFA-0CA8-CC97-90F4B8A767BC}
		{80FB9E98-2D2D-4533-BC4D-F09D1B1616AA} = {0AB3BF05-4346-4AA6-1389-037BE0695223}
		{6B0786B2-F862-4C38-8F83-7134889F4426} = {0AB3BF05-4346-4AA6-1389-037BE0695223}
		{E3FB46C6-5C1E-4778-B2EF-9BD25FC8126F} = {0AB3BF05-4346-4AA6-1389-037BE0695223}
		{A7AEB7AB-BB7A-943E-14BF-27E7782511F4} = {EC447DCF-ABFA-6E24-52A5-D7FD48A5C558}
		{9F231F27-C448-4067-BAE8-605FC14EA05C} = {A7AEB7AB-BB7A-943E-14BF-27E7782511F4}
		{097F410B-1D7F-4EEA-81D8-11A09AE3F9AE} = {18C073E0-6CB1-4693-3636-BFEE619A6192}
		{5F5CEB0F-4100-4DDF-8422-5D0132DA3F87} = {18C073E0-6CB1-4693-3636-BFEE619A6192}
		{2A6EFD4C-7749-4EE1-92C9-01564D218BAA} = {A7AEB7AB-BB7A-943E-14BF-27E7782511F4}
		{BD0228B1-B14F-481B-872B-F45D1C3C92D8} = {A7AEB7AB-BB7A-943E-14BF-27E7782511F4}
		{940A5506-B7A1-4B7A-A9DA-10570FEB02F5} = {A7AEB7AB-BB7A-943E-14BF-27E7782511F4}
		{D8B654F3-C4E2-41A1-8109-A68F9496B03A} = {A7AEB7AB-BB7A-943E-14BF-27E7782511F4}
		{7713B5E9-3183-43C4-A116-33475B6A8E41} = {E5451CAD-5FFA-0CA8-CC97-90F4B8A767BC}
		{42D5E045-9362-4DB2-8E4B-06DA0AAFF710} = {0AB3BF05-4346-4AA6-1389-037BE0695223}
		{16433AD2-B311-4551-BA1E-E71260DA3E40} = {0AB3BF05-4346-4AA6-1389-037BE0695223}
		{6FDB54B8-73D0-7269-6E77-B8ECD406ADFA} = {EC447DCF-ABFA-6E24-52A5-D7FD48A5C558}
		{A3A780D6-D9CC-4F89-A5BC-393C475DEAA7} = {6FDB54B8-73D0-7269-6E77-B8ECD406ADFA}
		{D84E16EA-58D0-4BFE-AB0A-14C968CA9F56} = {6FDB54B8-73D0-7269-6E77-B8ECD406ADFA}
		{F4FF18B9-A824-489D-813D-9B8F01C1B850} = {6FDB54B8-73D0-7269-6E77-B8ECD406ADFA}
		{717FDABE-C832-4FE7-9B85-C1604C65B7AF} = {6FDB54B8-73D0-7269-6E77-B8ECD406ADFA}
		{F9BFD738-4174-46A9-9EC1-C6750A89EA34} = {6FDB54B8-73D0-7269-6E77-B8ECD406ADFA}
		{CE123908-413D-42FF-A1F1-C9BAEF345D2C} = {6FDB54B8-73D0-7269-6E77-B8ECD406ADFA}
		{C5F43B8F-0382-4334-94FA-889EFA704BE3} = {E5451CAD-5FFA-0CA8-CC97-90F4B8A767BC}
		{18DC9CE1-876B-4039-B1E0-387CFEE7D5F8} = {0AB3BF05-4346-4AA6-1389-037BE0695223}
		{F7C5194F-C435-4BAF-A56B-D00AA8CC7670} = {0AB3BF05-4346-4AA6-1389-037BE0695223}
		{D01AE6CE-8426-435F-9595-B7954AE62200} = {E9D55F35-C373-3DD8-6914-3213F2F582A2}
		{2587F466-C08F-4704-8ED6-7AE1E49AA771} = {E9D55F35-C373-3DD8-6914-3213F2F582A2}
		{1ACEF63C-4508-4946-9ECF-DB1B86E55CB1} = {E9D55F35-C373-3DD8-6914-3213F2F582A2}
		{B6746FBB-1D11-4AF1-8FC2-F7E39A2B53DA} = {E9D55F35-C373-3DD8-6914-3213F2F582A2}
		{00EB4343-D4CC-44F5-B460-83E88A1E3121} = {E9D55F35-C373-3DD8-6914-3213F2F582A2}
		{25524F51-3FCD-48A8-96CE-DCC3A0A668C7} = {E9D55F35-C373-3DD8-6914-3213F2F582A2}
		{EB7D0F0D-DEE5-4E6B-BB68-E1EECF43D3E6} = {E5451CAD-5FFA-0CA8-CC97-90F4B8A767BC}
		{793C7619-A26E-40C6-BBA2-84281EF9534A} = {0AB3BF05-4346-4AA6-1389-037BE0695223}
		{C1915A98-E301-4162-8ADB-57259CC890D4} = {0AB3BF05-4346-4AA6-1389-037BE0695223}
		{738763F7-68AC-12DE-A386-1ED9BDE12CF2} = {EC447DCF-ABFA-6E24-52A5-D7FD48A5C558}
		{7E39EEC6-CDC5-47D2-B4A3-A88CA6B53701} = {738763F7-68AC-12DE-A386-1ED9BDE12CF2}
		{41BCE5A2-06E3-40FA-AF97-0D95D51A53D9} = {E5451CAD-5FFA-0CA8-CC97-90F4B8A767BC}
		{645AE16D-9955-42B6-8D84-D08B1BFFA76D} = {0AB3BF05-4346-4AA6-1389-037BE0695223}
		{4F8133DB-A301-0A1E-3DDE-929E67CC9B96} = {EC447DCF-ABFA-6E24-52A5-D7FD48A5C558}
		{D9F09929-7717-4246-841D-EDDDBFFE224F} = {4F8133DB-A301-0A1E-3DDE-929E67CC9B96}
		{E9D55F35-C373-3DD8-6914-3213F2F582A2} = {EC447DCF-ABFA-6E24-52A5-D7FD48A5C558}
		{9007E408-4183-49AE-8469-03BA07292C2D} = {E5451CAD-5FFA-0CA8-CC97-90F4B8A767BC}
		{15BC91F8-07CB-4D38-8FA9-21E898BA84B3} = {0AB3BF05-4346-4AA6-1389-037BE0695223}
		{6306A8FB-679E-111F-6585-8F70E0EE6013} = {827E0CD3-B72D-47B6-A68D-7590B98EB39B}
		{EE0D1102-C592-499B-A083-3839C4AA94D2} = {6306A8FB-679E-111F-6585-8F70E0EE6013}
		{42A6E319-EFF1-272F-1CD3-D4E80E0CDE70} = {827E0CD3-B72D-47B6-A68D-7590B98EB39B}
		{EC8B5D05-5F5B-40E5-83E2-A4451D812B27} = {42A6E319-EFF1-272F-1CD3-D4E80E0CDE70}
		{BC8E6592-5A64-498B-8A23-6FFDA472591C} = {0AB3BF05-4346-4AA6-1389-037BE0695223}
	EndGlobalSection
EndGlobal
