
Microsoft Visual Studio Solution File, Format Version 12.00
# Visual Studio Version 17
VisualStudioVersion = 17.0.31903.59
MinimumVisualStudioVersion = 10.0.40219.1
Project("{2150E333-8FDC-42A3-9474-1A3956D46DE8}") = "src", "src", "{827E0CD3-B72D-47B6-A68D-7590B98EB39B}"
EndProject
Project("{2150E333-8FDC-42A3-9474-1A3956D46DE8}") = "BuildingBlocks", "BuildingBlocks", "{90298CBA-BD6F-3A0A-69D5-97CAD7B05E7E}"
EndProject
Project("{FAE04EC0-301F-11D3-BF4B-00C04F79EFBC}") = "Wms.BuildingBlocks.Application", "src\BuildingBlocks\Wms.BuildingBlocks.Application\Wms.BuildingBlocks.Application.csproj", "{4E149CFC-6690-4DC2-9A15-92D90CDC0D55}"
EndProject
Project("{FAE04EC0-301F-11D3-BF4B-00C04F79EFBC}") = "Wms.BuildingBlocks.Domain", "src\BuildingBlocks\Wms.BuildingBlocks.Domain\Wms.BuildingBlocks.Domain.csproj", "{C8B7636D-EDE3-434A-8EE7-65DFDD7468E2}"
EndProject
Project("{FAE04EC0-301F-11D3-BF4B-00C04F79EFBC}") = "Wms.BuildingBlocks.Infrastructure", "src\BuildingBlocks\Wms.BuildingBlocks.Infrastructure\Wms.BuildingBlocks.Infrastructure.csproj", "{81CD5291-72D8-4348-BDE9-8396A2295152}"
EndProject
Project("{FAE04EC0-301F-11D3-BF4B-00C04F79EFBC}") = "Wms.BuildingBlocks.Web", "src\BuildingBlocks\Wms.BuildingBlocks.Web\Wms.BuildingBlocks.Web.csproj", "{A53B7EBD-2746-401D-840C-89670EABF159}"
EndProject
Project("{2150E333-8FDC-42A3-9474-1A3956D46DE8}") = "Hosts", "Hosts", "{C79C3622-AC92-5B3C-4F71-0BD0E7B3816F}"
EndProject
Project("{2150E333-8FDC-42A3-9474-1A3956D46DE8}") = "Local", "Local", "{E5451CAD-5FFA-0CA8-CC97-90F4B8A767BC}"
EndProject
Project("{FAE04EC0-301F-11D3-BF4B-00C04F79EFBC}") = "Wms.Inbound.Host.Local", "src\Hosts\Local\Wms.Inbound.Host.Local\Wms.Inbound.Host.Local.csproj", "{DBF6B414-6704-4088-AA5F-9E4E1520621B}"
EndProject
Project("{2150E333-8FDC-42A3-9474-1A3956D46DE8}") = "Modules", "Modules", "{EC447DCF-ABFA-6E24-52A5-D7FD48A5C558}"
EndProject
Project("{2150E333-8FDC-42A3-9474-1A3956D46DE8}") = "Inbound", "Inbound", "{02D216FA-6726-7BFF-78B2-9748449FB8B0}"
EndProject
Project("{FAE04EC0-301F-11D3-BF4B-00C04F79EFBC}") = "Wms.Inbound.Api", "src\Modules\Inbound\Wms.Inbound.Api\Wms.Inbound.Api.csproj", "{4CAEC8D7-086A-4291-9CB2-2BD29FF76CE9}"
EndProject
Project("{FAE04EC0-301F-11D3-BF4B-00C04F79EFBC}") = "Wms.Inbound.Application", "src\Modules\Inbound\Wms.Inbound.Application\Wms.Inbound.Application.csproj", "{A331CDA6-4FA5-414A-8E3E-9812C01ED21E}"
EndProject
Project("{FAE04EC0-301F-11D3-BF4B-00C04F79EFBC}") = "Wms.Inbound.Contracts", "src\Modules\Inbound\Wms.Inbound.Contracts\Wms.Inbound.Contracts.csproj", "{F81FFA5D-0D26-481F-BC4A-6C81E7DA8002}"
EndProject
Project("{FAE04EC0-301F-11D3-BF4B-00C04F79EFBC}") = "Wms.Inbound.Domain", "src\Modules\Inbound\Wms.Inbound.Domain\Wms.Inbound.Domain.csproj", "{15A5BCBD-184A-42BE-BFCB-24F60D93AF13}"
EndProject
Project("{FAE04EC0-301F-11D3-BF4B-00C04F79EFBC}") = "Wms.Inbound.Infrastructure", "src\Modules\Inbound\Wms.Inbound.Infrastructure\Wms.Inbound.Infrastructure.csproj", "{6B6B0264-ED97-4A03-87CA-58BF4FD7A2A6}"
EndProject
Project("{2150E333-8FDC-42A3-9474-1A3956D46DE8}") = "Platform", "Platform", "{4DF80442-A1E5-CC28-AE7B-27B5F9BFE52B}"
EndProject
Project("{FAE04EC0-301F-11D3-BF4B-00C04F79EFBC}") = "Wms.Platform.Hosting", "src\Platform\Wms.Platform.Hosting\Wms.Platform.Hosting.csproj", "{1C829FC3-227E-4E12-B44F-CCDBF27A39C1}"
EndProject
Project("{FAE04EC0-301F-11D3-BF4B-00C04F79EFBC}") = "Wms.Platform.Local", "src\Platform\Wms.Platform.Local\Wms.Platform.Local.csproj", "{C6D787E8-35BE-4CEC-BBA5-E80EE2C61B99}"
EndProject
Project("{2150E333-8FDC-42A3-9474-1A3956D46DE8}") = "tests", "tests", "{0AB3BF05-4346-4AA6-1389-037BE0695223}"
EndProject
Project("{FAE04EC0-301F-11D3-BF4B-00C04F79EFBC}") = "Wms.Architecture.Tests", "tests\Wms.Architecture.Tests\Wms.Architecture.Tests.csproj", "{90E25B53-CBA7-441A-8480-34CF8CC503D9}"
EndProject
Project("{2150E333-8FDC-42A3-9474-1A3956D46DE8}") = "AppHost", "AppHost", "{63882A7C-90E5-DEE3-63BB-E6ABDBC8A365}"
EndProject
Project("{FAE04EC0-301F-11D3-BF4B-00C04F79EFBC}") = "Wms.AppHost", "src\AppHost\Wms.AppHost\Wms.AppHost.csproj", "{62BFCEB5-99C4-4930-8201-6A1BD8A968FF}"
EndProject
Project("{2150E333-8FDC-42A3-9474-1A3956D46DE8}") = "Tools", "Tools", "{DCB6FCB8-FF92-AC57-0842-1F72A354D6B1}"
EndProject
Project("{FAE04EC0-301F-11D3-BF4B-00C04F79EFBC}") = "Wms.MigrationRunner", "src\Tools\Wms.MigrationRunner\Wms.MigrationRunner.csproj", "{E509400B-D7A0-49B3-9A62-1A82507F33CC}"
EndProject
Project("{FAE04EC0-301F-11D3-BF4B-00C04F79EFBC}") = "Wms.Inbound.IntegrationTests", "tests\Wms.Inbound.IntegrationTests\Wms.Inbound.IntegrationTests.csproj", "{136FCCF2-3B88-4E2A-B268-7D951ADD52DF}"
EndProject
Global
	GlobalSection(SolutionConfigurationPlatforms) = preSolution
		Debug|Any CPU = Debug|Any CPU
		Debug|x64 = Debug|x64
		Debug|x86 = Debug|x86
		Release|Any CPU = Release|Any CPU
		Release|x64 = Release|x64
		Release|x86 = Release|x86
	EndGlobalSection
	GlobalSection(ProjectConfigurationPlatforms) = postSolution
		{4E149CFC-6690-4DC2-9A15-92D90CDC0D55}.Debug|Any CPU.ActiveCfg = Debug|Any CPU
		{4E149CFC-6690-4DC2-9A15-92D90CDC0D55}.Debug|Any CPU.Build.0 = Debug|Any CPU
		{4E149CFC-6690-4DC2-9A15-92D90CDC0D55}.Debug|x64.ActiveCfg = Debug|Any CPU
		{4E149CFC-6690-4DC2-9A15-92D90CDC0D55}.Debug|x64.Build.0 = Debug|Any CPU
		{4E149CFC-6690-4DC2-9A15-92D90CDC0D55}.Debug|x86.ActiveCfg = Debug|Any CPU
		{4E149CFC-6690-4DC2-9A15-92D90CDC0D55}.Debug|x86.Build.0 = Debug|Any CPU
		{4E149CFC-6690-4DC2-9A15-92D90CDC0D55}.Release|Any CPU.ActiveCfg = Release|Any CPU
		{4E149CFC-6690-4DC2-9A15-92D90CDC0D55}.Release|Any CPU.Build.0 = Release|Any CPU
		{4E149CFC-6690-4DC2-9A15-92D90CDC0D55}.Release|x64.ActiveCfg = Release|Any CPU
		{4E149CFC-6690-4DC2-9A15-92D90CDC0D55}.Release|x64.Build.0 = Release|Any CPU
		{4E149CFC-6690-4DC2-9A15-92D90CDC0D55}.Release|x86.ActiveCfg = Release|Any CPU
		{4E149CFC-6690-4DC2-9A15-92D90CDC0D55}.Release|x86.Build.0 = Release|Any CPU
		{C8B7636D-EDE3-434A-8EE7-65DFDD7468E2}.Debug|Any CPU.ActiveCfg = Debug|Any CPU
		{C8B7636D-EDE3-434A-8EE7-65DFDD7468E2}.Debug|Any CPU.Build.0 = Debug|Any CPU
		{C8B7636D-EDE3-434A-8EE7-65DFDD7468E2}.Debug|x64.ActiveCfg = Debug|Any CPU
		{C8B7636D-EDE3-434A-8EE7-65DFDD7468E2}.Debug|x64.Build.0 = Debug|Any CPU
		{C8B7636D-EDE3-434A-8EE7-65DFDD7468E2}.Debug|x86.ActiveCfg = Debug|Any CPU
		{C8B7636D-EDE3-434A-8EE7-65DFDD7468E2}.Debug|x86.Build.0 = Debug|Any CPU
		{C8B7636D-EDE3-434A-8EE7-65DFDD7468E2}.Release|Any CPU.ActiveCfg = Release|Any CPU
		{C8B7636D-EDE3-434A-8EE7-65DFDD7468E2}.Release|Any CPU.Build.0 = Release|Any CPU
		{C8B7636D-EDE3-434A-8EE7-65DFDD7468E2}.Release|x64.ActiveCfg = Release|Any CPU
		{C8B7636D-EDE3-434A-8EE7-65DFDD7468E2}.Release|x64.Build.0 = Release|Any CPU
		{C8B7636D-EDE3-434A-8EE7-65DFDD7468E2}.Release|x86.ActiveCfg = Release|Any CPU
		{C8B7636D-EDE3-434A-8EE7-65DFDD7468E2}.Release|x86.Build.0 = Release|Any CPU
		{81CD5291-72D8-4348-BDE9-8396A2295152}.Debug|Any CPU.ActiveCfg = Debug|Any CPU
		{81CD5291-72D8-4348-BDE9-8396A2295152}.Debug|Any CPU.Build.0 = Debug|Any CPU
		{81CD5291-72D8-4348-BDE9-8396A2295152}.Debug|x64.ActiveCfg = Debug|Any CPU
		{81CD5291-72D8-4348-BDE9-8396A2295152}.Debug|x64.Build.0 = Debug|Any CPU
		{81CD5291-72D8-4348-BDE9-8396A2295152}.Debug|x86.ActiveCfg = Debug|Any CPU
		{81CD5291-72D8-4348-BDE9-8396A2295152}.Debug|x86.Build.0 = Debug|Any CPU
		{81CD5291-72D8-4348-BDE9-8396A2295152}.Release|Any CPU.ActiveCfg = Release|Any CPU
		{81CD5291-72D8-4348-BDE9-8396A2295152}.Release|Any CPU.Build.0 = Release|Any CPU
		{81CD5291-72D8-4348-BDE9-8396A2295152}.Release|x64.ActiveCfg = Release|Any CPU
		{81CD5291-72D8-4348-BDE9-8396A2295152}.Release|x64.Build.0 = Release|Any CPU
		{81CD5291-72D8-4348-BDE9-8396A2295152}.Release|x86.ActiveCfg = Release|Any CPU
		{81CD5291-72D8-4348-BDE9-8396A2295152}.Release|x86.Build.0 = Release|Any CPU
		{A53B7EBD-2746-401D-840C-89670EABF159}.Debug|Any CPU.ActiveCfg = Debug|Any CPU
		{A53B7EBD-2746-401D-840C-89670EABF159}.Debug|Any CPU.Build.0 = Debug|Any CPU
		{A53B7EBD-2746-401D-840C-89670EABF159}.Debug|x64.ActiveCfg = Debug|Any CPU
		{A53B7EBD-2746-401D-840C-89670EABF159}.Debug|x64.Build.0 = Debug|Any CPU
		{A53B7EBD-2746-401D-840C-89670EABF159}.Debug|x86.ActiveCfg = Debug|Any CPU
		{A53B7EBD-2746-401D-840C-89670EABF159}.Debug|x86.Build.0 = Debug|Any CPU
		{A53B7EBD-2746-401D-840C-89670EABF159}.Release|Any CPU.ActiveCfg = Release|Any CPU
		{A53B7EBD-2746-401D-840C-89670EABF159}.Release|Any CPU.Build.0 = Release|Any CPU
		{A53B7EBD-2746-401D-840C-89670EABF159}.Release|x64.ActiveCfg = Release|Any CPU
		{A53B7EBD-2746-401D-840C-89670EABF159}.Release|x64.Build.0 = Release|Any CPU
		{A53B7EBD-2746-401D-840C-89670EABF159}.Release|x86.ActiveCfg = Release|Any CPU
		{A53B7EBD-2746-401D-840C-89670EABF159}.Release|x86.Build.0 = Release|Any CPU
		{DBF6B414-6704-4088-AA5F-9E4E1520621B}.Debug|Any CPU.ActiveCfg = Debug|Any CPU
		{DBF6B414-6704-4088-AA5F-9E4E1520621B}.Debug|Any CPU.Build.0 = Debug|Any CPU
		{DBF6B414-6704-4088-AA5F-9E4E1520621B}.Debug|x64.ActiveCfg = Debug|Any CPU
		{DBF6B414-6704-4088-AA5F-9E4E1520621B}.Debug|x64.Build.0 = Debug|Any CPU
		{DBF6B414-6704-4088-AA5F-9E4E1520621B}.Debug|x86.ActiveCfg = Debug|Any CPU
		{DBF6B414-6704-4088-AA5F-9E4E1520621B}.Debug|x86.Build.0 = Debug|Any CPU
		{DBF6B414-6704-4088-AA5F-9E4E1520621B}.Release|Any CPU.ActiveCfg = Release|Any CPU
		{DBF6B414-6704-4088-AA5F-9E4E1520621B}.Release|Any CPU.Build.0 = Release|Any CPU
		{DBF6B414-6704-4088-AA5F-9E4E1520621B}.Release|x64.ActiveCfg = Release|Any CPU
		{DBF6B414-6704-4088-AA5F-9E4E1520621B}.Release|x64.Build.0 = Release|Any CPU
		{DBF6B414-6704-4088-AA5F-9E4E1520621B}.Release|x86.ActiveCfg = Release|Any CPU
		{DBF6B414-6704-4088-AA5F-9E4E1520621B}.Release|x86.Build.0 = Release|Any CPU
		{4CAEC8D7-086A-4291-9CB2-2BD29FF76CE9}.Debug|Any CPU.ActiveCfg = Debug|Any CPU
		{4CAEC8D7-086A-4291-9CB2-2BD29FF76CE9}.Debug|Any CPU.Build.0 = Debug|Any CPU
		{4CAEC8D7-086A-4291-9CB2-2BD29FF76CE9}.Debug|x64.ActiveCfg = Debug|Any CPU
		{4CAEC8D7-086A-4291-9CB2-2BD29FF76CE9}.Debug|x64.Build.0 = Debug|Any CPU
		{4CAEC8D7-086A-4291-9CB2-2BD29FF76CE9}.Debug|x86.ActiveCfg = Debug|Any CPU
		{4CAEC8D7-086A-4291-9CB2-2BD29FF76CE9}.Debug|x86.Build.0 = Debug|Any CPU
		{4CAEC8D7-086A-4291-9CB2-2BD29FF76CE9}.Release|Any CPU.ActiveCfg = Release|Any CPU
		{4CAEC8D7-086A-4291-9CB2-2BD29FF76CE9}.Release|Any CPU.Build.0 = Release|Any CPU
		{4CAEC8D7-086A-4291-9CB2-2BD29FF76CE9}.Release|x64.ActiveCfg = Release|Any CPU
		{4CAEC8D7-086A-4291-9CB2-2BD29FF76CE9}.Release|x64.Build.0 = Release|Any CPU
		{4CAEC8D7-086A-4291-9CB2-2BD29FF76CE9}.Release|x86.ActiveCfg = Release|Any CPU
		{4CAEC8D7-086A-4291-9CB2-2BD29FF76CE9}.Release|x86.Build.0 = Release|Any CPU
		{A331CDA6-4FA5-414A-8E3E-9812C01ED21E}.Debug|Any CPU.ActiveCfg = Debug|Any CPU
		{A331CDA6-4FA5-414A-8E3E-9812C01ED21E}.Debug|Any CPU.Build.0 = Debug|Any CPU
		{A331CDA6-4FA5-414A-8E3E-9812C01ED21E}.Debug|x64.ActiveCfg = Debug|Any CPU
		{A331CDA6-4FA5-414A-8E3E-9812C01ED21E}.Debug|x64.Build.0 = Debug|Any CPU
		{A331CDA6-4FA5-414A-8E3E-9812C01ED21E}.Debug|x86.ActiveCfg = Debug|Any CPU
		{A331CDA6-4FA5-414A-8E3E-9812C01ED21E}.Debug|x86.Build.0 = Debug|Any CPU
		{A331CDA6-4FA5-414A-8E3E-9812C01ED21E}.Release|Any CPU.ActiveCfg = Release|Any CPU
		{A331CDA6-4FA5-414A-8E3E-9812C01ED21E}.Release|Any CPU.Build.0 = Release|Any CPU
		{A331CDA6-4FA5-414A-8E3E-9812C01ED21E}.Release|x64.ActiveCfg = Release|Any CPU
		{A331CDA6-4FA5-414A-8E3E-9812C01ED21E}.Release|x64.Build.0 = Release|Any CPU
		{A331CDA6-4FA5-414A-8E3E-9812C01ED21E}.Release|x86.ActiveCfg = Release|Any CPU
		{A331CDA6-4FA5-414A-8E3E-9812C01ED21E}.Release|x86.Build.0 = Release|Any CPU
		{F81FFA5D-0D26-481F-BC4A-6C81E7DA8002}.Debug|Any CPU.ActiveCfg = Debug|Any CPU
		{F81FFA5D-0D26-481F-BC4A-6C81E7DA8002}.Debug|Any CPU.Build.0 = Debug|Any CPU
		{F81FFA5D-0D26-481F-BC4A-6C81E7DA8002}.Debug|x64.ActiveCfg = Debug|Any CPU
		{F81FFA5D-0D26-481F-BC4A-6C81E7DA8002}.Debug|x64.Build.0 = Debug|Any CPU
		{F81FFA5D-0D26-481F-BC4A-6C81E7DA8002}.Debug|x86.ActiveCfg = Debug|Any CPU
		{F81FFA5D-0D26-481F-BC4A-6C81E7DA8002}.Debug|x86.Build.0 = Debug|Any CPU
		{F81FFA5D-0D26-481F-BC4A-6C81E7DA8002}.Release|Any CPU.ActiveCfg = Release|Any CPU
		{F81FFA5D-0D26-481F-BC4A-6C81E7DA8002}.Release|Any CPU.Build.0 = Release|Any CPU
		{F81FFA5D-0D26-481F-BC4A-6C81E7DA8002}.Release|x64.ActiveCfg = Release|Any CPU
		{F81FFA5D-0D26-481F-BC4A-6C81E7DA8002}.Release|x64.Build.0 = Release|Any CPU
		{F81FFA5D-0D26-481F-BC4A-6C81E7DA8002}.Release|x86.ActiveCfg = Release|Any CPU
		{F81FFA5D-0D26-481F-BC4A-6C81E7DA8002}.Release|x86.Build.0 = Release|Any CPU
		{15A5BCBD-184A-42BE-BFCB-24F60D93AF13}.Debug|Any CPU.ActiveCfg = Debug|Any CPU
		{15A5BCBD-184A-42BE-BFCB-24F60D93AF13}.Debug|Any CPU.Build.0 = Debug|Any CPU
		{15A5BCBD-184A-42BE-BFCB-24F60D93AF13}.Debug|x64.ActiveCfg = Debug|Any CPU
		{15A5BCBD-184A-42BE-BFCB-24F60D93AF13}.Debug|x64.Build.0 = Debug|Any CPU
		{15A5BCBD-184A-42BE-BFCB-24F60D93AF13}.Debug|x86.ActiveCfg = Debug|Any CPU
		{15A5BCBD-184A-42BE-BFCB-24F60D93AF13}.Debug|x86.Build.0 = Debug|Any CPU
		{15A5BCBD-184A-42BE-BFCB-24F60D93AF13}.Release|Any CPU.ActiveCfg = Release|Any CPU
		{15A5BCBD-184A-42BE-BFCB-24F60D93AF13}.Release|Any CPU.Build.0 = Release|Any CPU
		{15A5BCBD-184A-42BE-BFCB-24F60D93AF13}.Release|x64.ActiveCfg = Release|Any CPU
		{15A5BCBD-184A-42BE-BFCB-24F60D93AF13}.Release|x64.Build.0 = Release|Any CPU
		{15A5BCBD-184A-42BE-BFCB-24F60D93AF13}.Release|x86.ActiveCfg = Release|Any CPU
		{15A5BCBD-184A-42BE-BFCB-24F60D93AF13}.Release|x86.Build.0 = Release|Any CPU
		{6B6B0264-ED97-4A03-87CA-58BF4FD7A2A6}.Debug|Any CPU.ActiveCfg = Debug|Any CPU
		{6B6B0264-ED97-4A03-87CA-58BF4FD7A2A6}.Debug|Any CPU.Build.0 = Debug|Any CPU
		{6B6B0264-ED97-4A03-87CA-58BF4FD7A2A6}.Debug|x64.ActiveCfg = Debug|Any CPU
		{6B6B0264-ED97-4A03-87CA-58BF4FD7A2A6}.Debug|x64.Build.0 = Debug|Any CPU
		{6B6B0264-ED97-4A03-87CA-58BF4FD7A2A6}.Debug|x86.ActiveCfg = Debug|Any CPU
		{6B6B0264-ED97-4A03-87CA-58BF4FD7A2A6}.Debug|x86.Build.0 = Debug|Any CPU
		{6B6B0264-ED97-4A03-87CA-58BF4FD7A2A6}.Release|Any CPU.ActiveCfg = Release|Any CPU
		{6B6B0264-ED97-4A03-87CA-58BF4FD7A2A6}.Release|Any CPU.Build.0 = Release|Any CPU
		{6B6B0264-ED97-4A03-87CA-58BF4FD7A2A6}.Release|x64.ActiveCfg = Release|Any CPU
		{6B6B0264-ED97-4A03-87CA-58BF4FD7A2A6}.Release|x64.Build.0 = Release|Any CPU
		{6B6B0264-ED97-4A03-87CA-58BF4FD7A2A6}.Release|x86.ActiveCfg = Release|Any CPU
		{6B6B0264-ED97-4A03-87CA-58BF4FD7A2A6}.Release|x86.Build.0 = Release|Any CPU
		{1C829FC3-227E-4E12-B44F-CCDBF27A39C1}.Debug|Any CPU.ActiveCfg = Debug|Any CPU
		{1C829FC3-227E-4E12-B44F-CCDBF27A39C1}.Debug|Any CPU.Build.0 = Debug|Any CPU
		{1C829FC3-227E-4E12-B44F-CCDBF27A39C1}.Debug|x64.ActiveCfg = Debug|Any CPU
		{1C829FC3-227E-4E12-B44F-CCDBF27A39C1}.Debug|x64.Build.0 = Debug|Any CPU
		{1C829FC3-227E-4E12-B44F-CCDBF27A39C1}.Debug|x86.ActiveCfg = Debug|Any CPU
		{1C829FC3-227E-4E12-B44F-CCDBF27A39C1}.Debug|x86.Build.0 = Debug|Any CPU
		{1C829FC3-227E-4E12-B44F-CCDBF27A39C1}.Release|Any CPU.ActiveCfg = Release|Any CPU
		{1C829FC3-227E-4E12-B44F-CCDBF27A39C1}.Release|Any CPU.Build.0 = Release|Any CPU
		{1C829FC3-227E-4E12-B44F-CCDBF27A39C1}.Release|x64.ActiveCfg = Release|Any CPU
		{1C829FC3-227E-4E12-B44F-CCDBF27A39C1}.Release|x64.Build.0 = Release|Any CPU
		{1C829FC3-227E-4E12-B44F-CCDBF27A39C1}.Release|x86.ActiveCfg = Release|Any CPU
		{1C829FC3-227E-4E12-B44F-CCDBF27A39C1}.Release|x86.Build.0 = Release|Any CPU
		{C6D787E8-35BE-4CEC-BBA5-E80EE2C61B99}.Debug|Any CPU.ActiveCfg = Debug|Any CPU
		{C6D787E8-35BE-4CEC-BBA5-E80EE2C61B99}.Debug|Any CPU.Build.0 = Debug|Any CPU
		{C6D787E8-35BE-4CEC-BBA5-E80EE2C61B99}.Debug|x64.ActiveCfg = Debug|Any CPU
		{C6D787E8-35BE-4CEC-BBA5-E80EE2C61B99}.Debug|x64.Build.0 = Debug|Any CPU
		{C6D787E8-35BE-4CEC-BBA5-E80EE2C61B99}.Debug|x86.ActiveCfg = Debug|Any CPU
		{C6D787E8-35BE-4CEC-BBA5-E80EE2C61B99}.Debug|x86.Build.0 = Debug|Any CPU
		{C6D787E8-35BE-4CEC-BBA5-E80EE2C61B99}.Release|Any CPU.ActiveCfg = Release|Any CPU
		{C6D787E8-35BE-4CEC-BBA5-E80EE2C61B99}.Release|Any CPU.Build.0 = Release|Any CPU
		{C6D787E8-35BE-4CEC-BBA5-E80EE2C61B99}.Release|x64.ActiveCfg = Release|Any CPU
		{C6D787E8-35BE-4CEC-BBA5-E80EE2C61B99}.Release|x64.Build.0 = Release|Any CPU
		{C6D787E8-35BE-4CEC-BBA5-E80EE2C61B99}.Release|x86.ActiveCfg = Release|Any CPU
		{C6D787E8-35BE-4CEC-BBA5-E80EE2C61B99}.Release|x86.Build.0 = Release|Any CPU
		{90E25B53-CBA7-441A-8480-34CF8CC503D9}.Debug|Any CPU.ActiveCfg = Debug|Any CPU
		{90E25B53-CBA7-441A-8480-34CF8CC503D9}.Debug|Any CPU.Build.0 = Debug|Any CPU
		{90E25B53-CBA7-441A-8480-34CF8CC503D9}.Debug|x64.ActiveCfg = Debug|Any CPU
		{90E25B53-CBA7-441A-8480-34CF8CC503D9}.Debug|x64.Build.0 = Debug|Any CPU
		{90E25B53-CBA7-441A-8480-34CF8CC503D9}.Debug|x86.ActiveCfg = Debug|Any CPU
		{90E25B53-CBA7-441A-8480-34CF8CC503D9}.Debug|x86.Build.0 = Debug|Any CPU
		{90E25B53-CBA7-441A-8480-34CF8CC503D9}.Release|Any CPU.ActiveCfg = Release|Any CPU
		{90E25B53-CBA7-441A-8480-34CF8CC503D9}.Release|Any CPU.Build.0 = Release|Any CPU
		{90E25B53-CBA7-441A-8480-34CF8CC503D9}.Release|x64.ActiveCfg = Release|Any CPU
		{90E25B53-CBA7-441A-8480-34CF8CC503D9}.Release|x64.Build.0 = Release|Any CPU
		{90E25B53-CBA7-441A-8480-34CF8CC503D9}.Release|x86.ActiveCfg = Release|Any CPU
		{90E25B53-CBA7-441A-8480-34CF8CC503D9}.Release|x86.Build.0 = Release|Any CPU
		{62BFCEB5-99C4-4930-8201-6A1BD8A968FF}.Debug|Any CPU.ActiveCfg = Debug|Any CPU
		{62BFCEB5-99C4-4930-8201-6A1BD8A968FF}.Debug|Any CPU.Build.0 = Debug|Any CPU
		{62BFCEB5-99C4-4930-8201-6A1BD8A968FF}.Debug|x64.ActiveCfg = Debug|Any CPU
		{62BFCEB5-99C4-4930-8201-6A1BD8A968FF}.Debug|x64.Build.0 = Debug|Any CPU
		{62BFCEB5-99C4-4930-8201-6A1BD8A968FF}.Debug|x86.ActiveCfg = Debug|Any CPU
		{62BFCEB5-99C4-4930-8201-6A1BD8A968FF}.Debug|x86.Build.0 = Debug|Any CPU
		{62BFCEB5-99C4-4930-8201-6A1BD8A968FF}.Release|Any CPU.ActiveCfg = Release|Any CPU
		{62BFCEB5-99C4-4930-8201-6A1BD8A968FF}.Release|Any CPU.Build.0 = Release|Any CPU
		{62BFCEB5-99C4-4930-8201-6A1BD8A968FF}.Release|x64.ActiveCfg = Release|Any CPU
		{62BFCEB5-99C4-4930-8201-6A1BD8A968FF}.Release|x64.Build.0 = Release|Any CPU
		{62BFCEB5-99C4-4930-8201-6A1BD8A968FF}.Release|x86.ActiveCfg = Release|Any CPU
		{62BFCEB5-99C4-4930-8201-6A1BD8A968FF}.Release|x86.Build.0 = Release|Any CPU
		{E509400B-D7A0-49B3-9A62-1A82507F33CC}.Debug|Any CPU.ActiveCfg = Debug|Any CPU
		{E509400B-D7A0-49B3-9A62-1A82507F33CC}.Debug|Any CPU.Build.0 = Debug|Any CPU
		{E509400B-D7A0-49B3-9A62-1A82507F33CC}.Debug|x64.ActiveCfg = Debug|Any CPU
		{E509400B-D7A0-49B3-9A62-1A82507F33CC}.Debug|x64.Build.0 = Debug|Any CPU
		{E509400B-D7A0-49B3-9A62-1A82507F33CC}.Debug|x86.ActiveCfg = Debug|Any CPU
		{E509400B-D7A0-49B3-9A62-1A82507F33CC}.Debug|x86.Build.0 = Debug|Any CPU
		{E509400B-D7A0-49B3-9A62-1A82507F33CC}.Release|Any CPU.ActiveCfg = Release|Any CPU
		{E509400B-D7A0-49B3-9A62-1A82507F33CC}.Release|Any CPU.Build.0 = Release|Any CPU
		{E509400B-D7A0-49B3-9A62-1A82507F33CC}.Release|x64.ActiveCfg = Release|Any CPU
		{E509400B-D7A0-49B3-9A62-1A82507F33CC}.Release|x64.Build.0 = Release|Any CPU
		{E509400B-D7A0-49B3-9A62-1A82507F33CC}.Release|x86.ActiveCfg = Release|Any CPU
		{E509400B-D7A0-49B3-9A62-1A82507F33CC}.Release|x86.Build.0 = Release|Any CPU
		{136FCCF2-3B88-4E2A-B268-7D951ADD52DF}.Debug|Any CPU.ActiveCfg = Debug|Any CPU
		{136FCCF2-3B88-4E2A-B268-7D951ADD52DF}.Debug|Any CPU.Build.0 = Debug|Any CPU
		{136FCCF2-3B88-4E2A-B268-7D951ADD52DF}.Debug|x64.ActiveCfg = Debug|Any CPU
		{136FCCF2-3B88-4E2A-B268-7D951ADD52DF}.Debug|x64.Build.0 = Debug|Any CPU
		{136FCCF2-3B88-4E2A-B268-7D951ADD52DF}.Debug|x86.ActiveCfg = Debug|Any CPU
		{136FCCF2-3B88-4E2A-B268-7D951ADD52DF}.Debug|x86.Build.0 = Debug|Any CPU
		{136FCCF2-3B88-4E2A-B268-7D951ADD52DF}.Release|Any CPU.ActiveCfg = Release|Any CPU
		{136FCCF2-3B88-4E2A-B268-7D951ADD52DF}.Release|Any CPU.Build.0 = Release|Any CPU
		{136FCCF2-3B88-4E2A-B268-7D951ADD52DF}.Release|x64.ActiveCfg = Release|Any CPU
		{136FCCF2-3B88-4E2A-B268-7D951ADD52DF}.Release|x64.Build.0 = Release|Any CPU
		{136FCCF2-3B88-4E2A-B268-7D951ADD52DF}.Release|x86.ActiveCfg = Release|Any CPU
		{136FCCF2-3B88-4E2A-B268-7D951ADD52DF}.Release|x86.Build.0 = Release|Any CPU
	EndGlobalSection
	GlobalSection(SolutionProperties) = preSolution
		HideSolutionNode = FALSE
	EndGlobalSection
	GlobalSection(NestedProjects) = preSolution
		{90298CBA-BD6F-3A0A-69D5-97CAD7B05E7E} = {827E0CD3-B72D-47B6-A68D-7590B98EB39B}
		{4E149CFC-6690-4DC2-9A15-92D90CDC0D55} = {90298CBA-BD6F-3A0A-69D5-97CAD7B05E7E}
		{C8B7636D-EDE3-434A-8EE7-65DFDD7468E2} = {90298CBA-BD6F-3A0A-69D5-97CAD7B05E7E}
		{81CD5291-72D8-4348-BDE9-8396A2295152} = {90298CBA-BD6F-3A0A-69D5-97CAD7B05E7E}
		{A53B7EBD-2746-401D-840C-89670EABF159} = {90298CBA-BD6F-3A0A-69D5-97CAD7B05E7E}
		{C79C3622-AC92-5B3C-4F71-0BD0E7B3816F} = {827E0CD3-B72D-47B6-A68D-7590B98EB39B}
		{E5451CAD-5FFA-0CA8-CC97-90F4B8A767BC} = {C79C3622-AC92-5B3C-4F71-0BD0E7B3816F}
		{DBF6B414-6704-4088-AA5F-9E4E1520621B} = {E5451CAD-5FFA-0CA8-CC97-90F4B8A767BC}
		{EC447DCF-ABFA-6E24-52A5-D7FD48A5C558} = {827E0CD3-B72D-47B6-A68D-7590B98EB39B}
		{02D216FA-6726-7BFF-78B2-9748449FB8B0} = {EC447DCF-ABFA-6E24-52A5-D7FD48A5C558}
		{4CAEC8D7-086A-4291-9CB2-2BD29FF76CE9} = {02D216FA-6726-7BFF-78B2-9748449FB8B0}
		{A331CDA6-4FA5-414A-8E3E-9812C01ED21E} = {02D216FA-6726-7BFF-78B2-9748449FB8B0}
		{F81FFA5D-0D26-481F-BC4A-6C81E7DA8002} = {02D216FA-6726-7BFF-78B2-9748449FB8B0}
		{15A5BCBD-184A-42BE-BFCB-24F60D93AF13} = {02D216FA-6726-7BFF-78B2-9748449FB8B0}
		{6B6B0264-ED97-4A03-87CA-58BF4FD7A2A6} = {02D216FA-6726-7BFF-78B2-9748449FB8B0}
		{4DF80442-A1E5-CC28-AE7B-27B5F9BFE52B} = {827E0CD3-B72D-47B6-A68D-7590B98EB39B}
		{1C829FC3-227E-4E12-B44F-CCDBF27A39C1} = {4DF80442-A1E5-CC28-AE7B-27B5F9BFE52B}
		{C6D787E8-35BE-4CEC-BBA5-E80EE2C61B99} = {4DF80442-A1E5-CC28-AE7B-27B5F9BFE52B}
		{90E25B53-CBA7-441A-8480-34CF8CC503D9} = {0AB3BF05-4346-4AA6-1389-037BE0695223}
		{63882A7C-90E5-DEE3-63BB-E6ABDBC8A365} = {827E0CD3-B72D-47B6-A68D-7590B98EB39B}
		{62BFCEB5-99C4-4930-8201-6A1BD8A968FF} = {63882A7C-90E5-DEE3-63BB-E6ABDBC8A365}
		{DCB6FCB8-FF92-AC57-0842-1F72A354D6B1} = {827E0CD3-B72D-47B6-A68D-7590B98EB39B}
		{E509400B-D7A0-49B3-9A62-1A82507F33CC} = {DCB6FCB8-FF92-AC57-0842-1F72A354D6B1}
		{136FCCF2-3B88-4E2A-B268-7D951ADD52DF} = {0AB3BF05-4346-4AA6-1389-037BE0695223}
	EndGlobalSection
EndGlobal
